// !$*UTF8*$!
{
	archiveVersion = 1;
	classes = {
	};
	objectVersion = 46;
	objects = {

/* Begin PBXBuildFile section */
		089D20351B0FB0CD00B0D613 /* CamView.swift in Sources */ = {isa = PBXBuildFile; fileRef = 089D20341B0FB0CD00B0D613 /* CamView.swift */; };
		9B7C7AA41B3B3AB100727B65 /* CAENView-Classrooms.txt in Resources */ = {isa = PBXBuildFile; fileRef = 9B7C7AA31B3B3AB100727B65 /* CAENView-Classrooms.txt */; };
		9B8CA9271B0FA1F200A6DD72 /* HelpTableViewController.swift in Sources */ = {isa = PBXBuildFile; fileRef = 9B8CA9261B0FA1F200A6DD72 /* HelpTableViewController.swift */; };
		9BA2D72E1B681C4000EFA4B6 /* Streamreader.swift in Sources */ = {isa = PBXBuildFile; fileRef = 9BA2D72D1B681C4000EFA4B6 /* Streamreader.swift */; };
		9BB4D79F1B2F43B100F3E00B /* PlayerController.swift in Sources */ = {isa = PBXBuildFile; fileRef = 9BB4D79E1B2F43B100F3E00B /* PlayerController.swift */; };
		9BB4D7A11B2F440D00F3E00B /* Player.swift in Sources */ = {isa = PBXBuildFile; fileRef = 9BB4D7A01B2F440D00F3E00B /* Player.swift */; };
		D9243B171B680A7300D52C52 /* CAENClassroomIPList.txt in Resources */ = {isa = PBXBuildFile; fileRef = D9243B161B680A7300D52C52 /* CAENClassroomIPList.txt */; };
		D9243B181B681E2F00D52C52 /* Streamreader.swift in Sources */ = {isa = PBXBuildFile; fileRef = 9BA2D72D1B681C4000EFA4B6 /* Streamreader.swift */; };
		D96F78041B22297600699147 /* Help.storyboard in Resources */ = {isa = PBXBuildFile; fileRef = D9E618A31B0FD2E7007AFECB /* Help.storyboard */; };
		D96F78091B222C2200699147 /* CamView.storyboard in Resources */ = {isa = PBXBuildFile; fileRef = D96F78051B222BE500699147 /* CamView.storyboard */; };
		D96F780C1B222C3000699147 /* Main.storyboard in Resources */ = {isa = PBXBuildFile; fileRef = D96F780A1B222C3000699147 /* Main.storyboard */; };
		D96F780F1B222C4200699147 /* LaunchScreen.xib in Resources */ = {isa = PBXBuildFile; fileRef = D96F780D1B222C4200699147 /* LaunchScreen.xib */; };
		D979CB6C1B16479F003C687A /* Bar.png in Resources */ = {isa = PBXBuildFile; fileRef = D979CB6B1B16479F003C687A /* Bar.png */; };
		D97C69471B28BB6500590068 /* AppDelegate.swift in Sources */ = {isa = PBXBuildFile; fileRef = D97C69461B28BB6500590068 /* AppDelegate.swift */; };
		D97C69491B28BB6500590068 /* ViewController.swift in Sources */ = {isa = PBXBuildFile; fileRef = D97C69481B28BB6500590068 /* ViewController.swift */; };
		D97C694B1B28BB6500590068 /* Images.xcassets in Resources */ = {isa = PBXBuildFile; fileRef = D97C694A1B28BB6500590068 /* Images.xcassets */; };
		D97C694E1B28BB6500590068 /* Main.storyboard in Resources */ = {isa = PBXBuildFile; fileRef = D97C694C1B28BB6500590068 /* Main.storyboard */; };
		D97C695A1B28BB6500590068 /* Mac_HelperTests.swift in Sources */ = {isa = PBXBuildFile; fileRef = D97C69591B28BB6500590068 /* Mac_HelperTests.swift */; };
		D97C69621B28BF9700590068 /* objChelper_mac.m in Sources */ = {isa = PBXBuildFile; fileRef = D97C69611B28BF9700590068 /* objChelper_mac.m */; };
		D97C696E1B28F7A800590068 /* PTChannel.m in Sources */ = {isa = PBXBuildFile; fileRef = D9EC82D71B1E109300E64B68 /* PTChannel.m */; };
		D97C69701B28F7A800590068 /* PTProtocol.m in Sources */ = {isa = PBXBuildFile; fileRef = D9EC82D91B1E109300E64B68 /* PTProtocol.m */; };
		D97C69721B28F7A800590068 /* PTUSBHub.m in Sources */ = {isa = PBXBuildFile; fileRef = D9EC82DB1B1E109300E64B68 /* PTUSBHub.m */; };
		D9BAD0241B3B1C9900BAC859 /* background.jpg in Resources */ = {isa = PBXBuildFile; fileRef = D9BAD0231B3B1C9900BAC859 /* background.jpg */; };
		D9DEF81E1B43138800A81E36 /* objChelper.m in Sources */ = {isa = PBXBuildFile; fileRef = D9E898051B20D18800F421E2 /* objChelper.m */; };
		D9DEF81F1B4313AD00A81E36 /* PTChannel.m in Sources */ = {isa = PBXBuildFile; fileRef = D9EC82D71B1E109300E64B68 /* PTChannel.m */; };
		D9DEF8201B4313B100A81E36 /* PTProtocol.m in Sources */ = {isa = PBXBuildFile; fileRef = D9EC82D91B1E109300E64B68 /* PTProtocol.m */; };
		D9E618721B0F8914007AFECB /* AppDelegate.swift in Sources */ = {isa = PBXBuildFile; fileRef = D9E618711B0F8914007AFECB /* AppDelegate.swift */; };
		D9E618791B0F8914007AFECB /* Images.xcassets in Resources */ = {isa = PBXBuildFile; fileRef = D9E618781B0F8914007AFECB /* Images.xcassets */; };
		D9E618881B0F8914007AFECB /* MclassTests.swift in Sources */ = {isa = PBXBuildFile; fileRef = D9E618871B0F8914007AFECB /* MclassTests.swift */; };
		D9E618921B0FAFFF007AFECB /* MainTableViewController.swift in Sources */ = {isa = PBXBuildFile; fileRef = D9E618911B0FAFFF007AFECB /* MainTableViewController.swift */; };
		D9E6189D1B0FCEB4007AFECB /* MainViewController.swift in Sources */ = {isa = PBXBuildFile; fileRef = D9E6189C1B0FCEB4007AFECB /* MainViewController.swift */; };
		D9E897EE1B1F8A7F00F421E2 /* Icon-1024.psd in Resources */ = {isa = PBXBuildFile; fileRef = D9E897E61B1F8A7F00F421E2 /* Icon-1024.psd */; };
		D9E897EF1B1F8A7F00F421E2 /* Icon.icns in Resources */ = {isa = PBXBuildFile; fileRef = D9E897E71B1F8A7F00F421E2 /* Icon.icns */; };
		D9E897F01B1F8A7F00F421E2 /* main.m in Sources */ = {isa = PBXBuildFile; fileRef = D9E897E81B1F8A7F00F421E2 /* main.m */; };
		D9E897F21B1F8A7F00F421E2 /* PTAppDelegate.m in Sources */ = {isa = PBXBuildFile; fileRef = D9E897EC1B1F8A7F00F421E2 /* PTAppDelegate.m */; };
		D9E897F81B1F8DEF00F421E2 /* Cocoa.framework in Frameworks */ = {isa = PBXBuildFile; fileRef = D9E897F71B1F8DEF00F421E2 /* Cocoa.framework */; };
		D9E897FA1B1F8DF700F421E2 /* QuartzCore.framework in Frameworks */ = {isa = PBXBuildFile; fileRef = D9E897F91B1F8DF700F421E2 /* QuartzCore.framework */; };
		D9E897FC1B1F8F7100F421E2 /* AppKit.framework in Frameworks */ = {isa = PBXBuildFile; fileRef = D9E897FB1B1F8F7100F421E2 /* AppKit.framework */; };
		D9E897FD1B1F919900F421E2 /* PTChannel.m in Sources */ = {isa = PBXBuildFile; fileRef = D9EC82D71B1E109300E64B68 /* PTChannel.m */; };
		D9E897FE1B1F91AB00F421E2 /* PTProtocol.m in Sources */ = {isa = PBXBuildFile; fileRef = D9EC82D91B1E109300E64B68 /* PTProtocol.m */; };
		D9E897FF1B1F91AB00F421E2 /* PTUSBHub.m in Sources */ = {isa = PBXBuildFile; fileRef = D9EC82DB1B1E109300E64B68 /* PTUSBHub.m */; };
		D9E898011B1F973C00F421E2 /* MainMenu.xib in Resources */ = {isa = PBXBuildFile; fileRef = D9E898001B1F973C00F421E2 /* MainMenu.xib */; };
		D9EC82C21B14D22700E64B68 /* HelpViewController.swift in Sources */ = {isa = PBXBuildFile; fileRef = D9EC82C11B14D22700E64B68 /* HelpViewController.swift */; };
		D9EC82C61B1523B200E64B68 /* SubMainViewController.swift in Sources */ = {isa = PBXBuildFile; fileRef = D9EC82C51B1523B200E64B68 /* SubMainViewController.swift */; };
		D9EC82CE1B179BDE00E64B68 /* Gear.png in Resources */ = {isa = PBXBuildFile; fileRef = D9EC82CD1B179BDE00E64B68 /* Gear.png */; };
		D9EC82D21B17B98400E64B68 /* SettingsViewController.swift in Sources */ = {isa = PBXBuildFile; fileRef = D9EC82D11B17B98400E64B68 /* SettingsViewController.swift */; };
		D9FA035B1B45D13B00849E0C /* AFPJLinkClient.m in Sources */ = {isa = PBXBuildFile; fileRef = D9FA03461B45D13B00849E0C /* AFPJLinkClient.m */; };
		D9FA035D1B45D13B00849E0C /* AFPJLinkRequestOperation.m in Sources */ = {isa = PBXBuildFile; fileRef = D9FA03481B45D13B00849E0C /* AFPJLinkRequestOperation.m */; };
		D9FA035F1B45D13B00849E0C /* NSString+Utils.m in Sources */ = {isa = PBXBuildFile; fileRef = D9FA034A1B45D13B00849E0C /* NSString+Utils.m */; };
		D9FA03611B45D13B00849E0C /* NSURL+Utils.m in Sources */ = {isa = PBXBuildFile; fileRef = D9FA034C1B45D13B00849E0C /* NSURL+Utils.m */; };
		D9FA03631B45D13B00849E0C /* PJInputInfo.m in Sources */ = {isa = PBXBuildFile; fileRef = D9FA034F1B45D13B00849E0C /* PJInputInfo.m */; };
		D9FA03651B45D13B00849E0C /* PJLampStatus.m in Sources */ = {isa = PBXBuildFile; fileRef = D9FA03511B45D13B00849E0C /* PJLampStatus.m */; };
		D9FA03671B45D13B00849E0C /* PJProjector.m in Sources */ = {isa = PBXBuildFile; fileRef = D9FA03531B45D13B00849E0C /* PJProjector.m */; };
		D9FA03691B45D13B00849E0C /* PJRequestInfo.m in Sources */ = {isa = PBXBuildFile; fileRef = D9FA03551B45D13B00849E0C /* PJRequestInfo.m */; };
		D9FA036B1B45D13B00849E0C /* PJResponseInfo.m in Sources */ = {isa = PBXBuildFile; fileRef = D9FA03571B45D13B00849E0C /* PJResponseInfo.m */; };
		D9FA036D1B45D13B00849E0C /* PJURLProtocolRunLoop.m in Sources */ = {isa = PBXBuildFile; fileRef = D9FA03591B45D13B00849E0C /* PJURLProtocolRunLoop.m */; };
		D9FA03881B45D53200849E0C /* AFHTTPClient.m in Sources */ = {isa = PBXBuildFile; fileRef = D9FA03751B45D53200849E0C /* AFHTTPClient.m */; };
		D9FA038A1B45D53200849E0C /* AFHTTPRequestOperation.m in Sources */ = {isa = PBXBuildFile; fileRef = D9FA03771B45D53200849E0C /* AFHTTPRequestOperation.m */; };
		D9FA038C1B45D53200849E0C /* AFImageRequestOperation.m in Sources */ = {isa = PBXBuildFile; fileRef = D9FA03791B45D53200849E0C /* AFImageRequestOperation.m */; };
		D9FA038E1B45D53200849E0C /* AFJSONRequestOperation.m in Sources */ = {isa = PBXBuildFile; fileRef = D9FA037B1B45D53200849E0C /* AFJSONRequestOperation.m */; };
		D9FA03901B45D53200849E0C /* AFNetworkActivityIndicatorManager.m in Sources */ = {isa = PBXBuildFile; fileRef = D9FA037D1B45D53200849E0C /* AFNetworkActivityIndicatorManager.m */; };
		D9FA03921B45D53200849E0C /* AFPropertyListRequestOperation.m in Sources */ = {isa = PBXBuildFile; fileRef = D9FA03801B45D53200849E0C /* AFPropertyListRequestOperation.m */; };
		D9FA03941B45D53200849E0C /* AFURLConnectionOperation.m in Sources */ = {isa = PBXBuildFile; fileRef = D9FA03821B45D53200849E0C /* AFURLConnectionOperation.m */; };
		D9FA03961B45D53200849E0C /* AFXMLRequestOperation.m in Sources */ = {isa = PBXBuildFile; fileRef = D9FA03841B45D53200849E0C /* AFXMLRequestOperation.m */; };
		D9FA03981B45D53200849E0C /* UIImageView+AFNetworking.m in Sources */ = {isa = PBXBuildFile; fileRef = D9FA03861B45D53200849E0C /* UIImageView+AFNetworking.m */; };
		D9FA039F1B45D56500849E0C /* GCDAsyncSocket.m in Sources */ = {isa = PBXBuildFile; fileRef = D9FA039B1B45D56500849E0C /* GCDAsyncSocket.m */; };
		D9FA03A11B45D56500849E0C /* GCDAsyncUdpSocket.m in Sources */ = {isa = PBXBuildFile; fileRef = D9FA039D1B45D56500849E0C /* GCDAsyncUdpSocket.m */; };
		D9FA03A71B45D56A00849E0C /* AsyncSocket.m in Sources */ = {isa = PBXBuildFile; fileRef = D9FA03A31B45D56A00849E0C /* AsyncSocket.m */; };
		D9FA03A91B45D56A00849E0C /* AsyncUdpSocket.m in Sources */ = {isa = PBXBuildFile; fileRef = D9FA03A51B45D56A00849E0C /* AsyncUdpSocket.m */; };
/* End PBXBuildFile section */

/* Begin PBXContainerItemProxy section */
		D97C69541B28BB6500590068 /* PBXContainerItemProxy */ = {
			isa = PBXContainerItemProxy;
			containerPortal = D9E618641B0F8914007AFECB /* Project object */;
			proxyType = 1;
			remoteGlobalIDString = D97C69411B28BB6500590068;
			remoteInfo = "Mac Helper";
		};
		D9E618821B0F8914007AFECB /* PBXContainerItemProxy */ = {
			isa = PBXContainerItemProxy;
			containerPortal = D9E618641B0F8914007AFECB /* Project object */;
			proxyType = 1;
			remoteGlobalIDString = D9E6186B1B0F8914007AFECB;
			remoteInfo = Mclass;
		};
/* End PBXContainerItemProxy section */

/* Begin PBXFileReference section */
		089D20341B0FB0CD00B0D613 /* CamView.swift */ = {isa = PBXFileReference; fileEncoding = 4; lastKnownFileType = sourcecode.swift; path = CamView.swift; sourceTree = "<group>"; };
		9B7C7AA31B3B3AB100727B65 /* CAENView-Classrooms.txt */ = {isa = PBXFileReference; fileEncoding = 4; lastKnownFileType = text; name = "CAENView-Classrooms.txt"; path = "Mclass/CAENView-Classrooms.txt"; sourceTree = "<group>"; };
		9B8CA9261B0FA1F200A6DD72 /* HelpTableViewController.swift */ = {isa = PBXFileReference; fileEncoding = 4; lastKnownFileType = sourcecode.swift; path = HelpTableViewController.swift; sourceTree = "<group>"; };
		9BA2D72D1B681C4000EFA4B6 /* Streamreader.swift */ = {isa = PBXFileReference; fileEncoding = 4; lastKnownFileType = sourcecode.swift; path = Streamreader.swift; sourceTree = "<group>"; };
		9BB4D79E1B2F43B100F3E00B /* PlayerController.swift */ = {isa = PBXFileReference; fileEncoding = 4; lastKnownFileType = sourcecode.swift; path = PlayerController.swift; sourceTree = "<group>"; };
		9BB4D7A01B2F440D00F3E00B /* Player.swift */ = {isa = PBXFileReference; fileEncoding = 4; lastKnownFileType = sourcecode.swift; path = Player.swift; sourceTree = SOURCE_ROOT; };
		D9243B161B680A7300D52C52 /* CAENClassroomIPList.txt */ = {isa = PBXFileReference; fileEncoding = 4; lastKnownFileType = text; path = CAENClassroomIPList.txt; sourceTree = SOURCE_ROOT; };
		D96F78051B222BE500699147 /* CamView.storyboard */ = {isa = PBXFileReference; lastKnownFileType = file.storyboard; path = CamView.storyboard; sourceTree = "<group>"; };
		D96F780B1B222C3000699147 /* Base */ = {isa = PBXFileReference; lastKnownFileType = file.storyboard; name = Base; path = Mclass/Base.lproj/Main.storyboard; sourceTree = "<group>"; };
		D96F780E1B222C4200699147 /* Base */ = {isa = PBXFileReference; lastKnownFileType = file.xib; name = Base; path = Mclass/Base.lproj/LaunchScreen.xib; sourceTree = "<group>"; };
		D979CB6B1B16479F003C687A /* Bar.png */ = {isa = PBXFileReference; lastKnownFileType = image.png; path = Bar.png; sourceTree = "<group>"; };
		D97C69421B28BB6500590068 /* Mac Helper.app */ = {isa = PBXFileReference; explicitFileType = wrapper.application; includeInIndex = 0; path = "Mac Helper.app"; sourceTree = BUILT_PRODUCTS_DIR; };
		D97C69451B28BB6500590068 /* Info.plist */ = {isa = PBXFileReference; lastKnownFileType = text.plist.xml; path = Info.plist; sourceTree = "<group>"; };
		D97C69461B28BB6500590068 /* AppDelegate.swift */ = {isa = PBXFileReference; lastKnownFileType = sourcecode.swift; path = AppDelegate.swift; sourceTree = "<group>"; };
		D97C69481B28BB6500590068 /* ViewController.swift */ = {isa = PBXFileReference; lastKnownFileType = sourcecode.swift; path = ViewController.swift; sourceTree = "<group>"; };
		D97C694A1B28BB6500590068 /* Images.xcassets */ = {isa = PBXFileReference; lastKnownFileType = folder.assetcatalog; path = Images.xcassets; sourceTree = "<group>"; };
		D97C694D1B28BB6500590068 /* Base */ = {isa = PBXFileReference; lastKnownFileType = file.storyboard; name = Base; path = Base.lproj/Main.storyboard; sourceTree = "<group>"; };
		D97C69531B28BB6500590068 /* Mac HelperTests.xctest */ = {isa = PBXFileReference; explicitFileType = wrapper.cfbundle; includeInIndex = 0; path = "Mac HelperTests.xctest"; sourceTree = BUILT_PRODUCTS_DIR; };
		D97C69581B28BB6500590068 /* Info.plist */ = {isa = PBXFileReference; lastKnownFileType = text.plist.xml; path = Info.plist; sourceTree = "<group>"; };
		D97C69591B28BB6500590068 /* Mac_HelperTests.swift */ = {isa = PBXFileReference; lastKnownFileType = sourcecode.swift; path = Mac_HelperTests.swift; sourceTree = "<group>"; };
		D97C69611B28BF9700590068 /* objChelper_mac.m */ = {isa = PBXFileReference; fileEncoding = 4; lastKnownFileType = sourcecode.c.objc; path = objChelper_mac.m; sourceTree = "<group>"; };
		D97C69631B28BFA600590068 /* objChelper_mac.h */ = {isa = PBXFileReference; lastKnownFileType = sourcecode.c.h; path = objChelper_mac.h; sourceTree = "<group>"; };
		D97C69681B28D35300590068 /* Protocol.h */ = {isa = PBXFileReference; lastKnownFileType = sourcecode.c.h; path = Protocol.h; sourceTree = "<group>"; };
		D9BAD0231B3B1C9900BAC859 /* background.jpg */ = {isa = PBXFileReference; lastKnownFileType = image.jpeg; path = background.jpg; sourceTree = "<group>"; };
		D9E6186C1B0F8914007AFECB /* Mclass.app */ = {isa = PBXFileReference; explicitFileType = wrapper.application; includeInIndex = 0; path = Mclass.app; sourceTree = BUILT_PRODUCTS_DIR; };
		D9E618701B0F8914007AFECB /* Info.plist */ = {isa = PBXFileReference; lastKnownFileType = text.plist.xml; path = Info.plist; sourceTree = "<group>"; };
		D9E618711B0F8914007AFECB /* AppDelegate.swift */ = {isa = PBXFileReference; lastKnownFileType = sourcecode.swift; path = AppDelegate.swift; sourceTree = "<group>"; };
		D9E618781B0F8914007AFECB /* Images.xcassets */ = {isa = PBXFileReference; lastKnownFileType = folder.assetcatalog; path = Images.xcassets; sourceTree = "<group>"; };
		D9E618811B0F8914007AFECB /* MclassTests.xctest */ = {isa = PBXFileReference; explicitFileType = wrapper.cfbundle; includeInIndex = 0; path = MclassTests.xctest; sourceTree = BUILT_PRODUCTS_DIR; };
		D9E618861B0F8914007AFECB /* Info.plist */ = {isa = PBXFileReference; lastKnownFileType = text.plist.xml; path = Info.plist; sourceTree = "<group>"; };
		D9E618871B0F8914007AFECB /* MclassTests.swift */ = {isa = PBXFileReference; lastKnownFileType = sourcecode.swift; path = MclassTests.swift; sourceTree = "<group>"; };
		D9E618911B0FAFFF007AFECB /* MainTableViewController.swift */ = {isa = PBXFileReference; fileEncoding = 4; lastKnownFileType = sourcecode.swift; path = MainTableViewController.swift; sourceTree = "<group>"; };
		D9E6189C1B0FCEB4007AFECB /* MainViewController.swift */ = {isa = PBXFileReference; fileEncoding = 4; lastKnownFileType = sourcecode.swift; path = MainViewController.swift; sourceTree = "<group>"; };
		D9E618A31B0FD2E7007AFECB /* Help.storyboard */ = {isa = PBXFileReference; fileEncoding = 4; lastKnownFileType = file.storyboard; path = Help.storyboard; sourceTree = "<group>"; };
		D9E897C61B1F88E000F421E2 /* PeertalkExample.app */ = {isa = PBXFileReference; explicitFileType = wrapper.application; includeInIndex = 0; path = PeertalkExample.app; sourceTree = BUILT_PRODUCTS_DIR; };
		D9E897E61B1F8A7F00F421E2 /* Icon-1024.psd */ = {isa = PBXFileReference; lastKnownFileType = file; name = "Icon-1024.psd"; path = "peertalk/Peertalk Example/Icon-1024.psd"; sourceTree = "<group>"; };
		D9E897E71B1F8A7F00F421E2 /* Icon.icns */ = {isa = PBXFileReference; lastKnownFileType = image.icns; name = Icon.icns; path = "peertalk/Peertalk Example/Icon.icns"; sourceTree = "<group>"; };
		D9E897E81B1F8A7F00F421E2 /* main.m */ = {isa = PBXFileReference; fileEncoding = 4; lastKnownFileType = sourcecode.c.objc; name = main.m; path = "peertalk/Peertalk Example/main.m"; sourceTree = "<group>"; };
		D9E897E91B1F8A7F00F421E2 /* Peertalk Example-Info.plist */ = {isa = PBXFileReference; fileEncoding = 4; lastKnownFileType = text.plist.xml; name = "Peertalk Example-Info.plist"; path = "peertalk/Peertalk Example/Peertalk Example-Info.plist"; sourceTree = "<group>"; };
		D9E897EA1B1F8A7F00F421E2 /* Peertalk Example-Prefix.pch */ = {isa = PBXFileReference; fileEncoding = 4; lastKnownFileType = sourcecode.c.h; name = "Peertalk Example-Prefix.pch"; path = "peertalk/Peertalk Example/Peertalk Example-Prefix.pch"; sourceTree = "<group>"; };
		D9E897EB1B1F8A7F00F421E2 /* PTAppDelegate.h */ = {isa = PBXFileReference; fileEncoding = 4; lastKnownFileType = sourcecode.c.h; name = PTAppDelegate.h; path = "peertalk/Peertalk Example/PTAppDelegate.h"; sourceTree = "<group>"; };
		D9E897EC1B1F8A7F00F421E2 /* PTAppDelegate.m */ = {isa = PBXFileReference; fileEncoding = 4; lastKnownFileType = sourcecode.c.objc; name = PTAppDelegate.m; path = "peertalk/Peertalk Example/PTAppDelegate.m"; sourceTree = "<group>"; };
		D9E897ED1B1F8A7F00F421E2 /* PTExampleProtocol.h */ = {isa = PBXFileReference; fileEncoding = 4; lastKnownFileType = sourcecode.c.h; name = PTExampleProtocol.h; path = "peertalk/Peertalk Example/PTExampleProtocol.h"; sourceTree = "<group>"; };
		D9E897F71B1F8DEF00F421E2 /* Cocoa.framework */ = {isa = PBXFileReference; lastKnownFileType = wrapper.framework; name = Cocoa.framework; path = Platforms/MacOSX.platform/Developer/SDKs/MacOSX10.10.sdk/System/Library/Frameworks/Cocoa.framework; sourceTree = DEVELOPER_DIR; };
		D9E897F91B1F8DF700F421E2 /* QuartzCore.framework */ = {isa = PBXFileReference; lastKnownFileType = wrapper.framework; name = QuartzCore.framework; path = Platforms/MacOSX.platform/Developer/SDKs/MacOSX10.10.sdk/System/Library/Frameworks/QuartzCore.framework; sourceTree = DEVELOPER_DIR; };
		D9E897FB1B1F8F7100F421E2 /* AppKit.framework */ = {isa = PBXFileReference; lastKnownFileType = wrapper.framework; name = AppKit.framework; path = Platforms/MacOSX.platform/Developer/SDKs/MacOSX10.10.sdk/System/Library/Frameworks/AppKit.framework; sourceTree = DEVELOPER_DIR; };
		D9E898001B1F973C00F421E2 /* MainMenu.xib */ = {isa = PBXFileReference; fileEncoding = 4; lastKnownFileType = file.xib; name = MainMenu.xib; path = "peertalk/Peertalk Example/en.lproj/MainMenu.xib"; sourceTree = "<group>"; };
		D9E898051B20D18800F421E2 /* objChelper.m */ = {isa = PBXFileReference; fileEncoding = 4; lastKnownFileType = sourcecode.c.objc; path = objChelper.m; sourceTree = "<group>"; };
		D9E898071B20D1C100F421E2 /* objChelper.h */ = {isa = PBXFileReference; lastKnownFileType = sourcecode.c.h; path = objChelper.h; sourceTree = "<group>"; };
		D9EC82C11B14D22700E64B68 /* HelpViewController.swift */ = {isa = PBXFileReference; fileEncoding = 4; lastKnownFileType = sourcecode.swift; path = HelpViewController.swift; sourceTree = "<group>"; };
		D9EC82C51B1523B200E64B68 /* SubMainViewController.swift */ = {isa = PBXFileReference; fileEncoding = 4; lastKnownFileType = sourcecode.swift; path = SubMainViewController.swift; sourceTree = "<group>"; };
		D9EC82CD1B179BDE00E64B68 /* Gear.png */ = {isa = PBXFileReference; lastKnownFileType = image.png; path = Gear.png; sourceTree = "<group>"; };
		D9EC82D11B17B98400E64B68 /* SettingsViewController.swift */ = {isa = PBXFileReference; fileEncoding = 4; lastKnownFileType = sourcecode.swift; path = SettingsViewController.swift; sourceTree = "<group>"; };
		D9EC82D31B1E109200E64B68 /* Mclass-Bridging-Header.h */ = {isa = PBXFileReference; lastKnownFileType = sourcecode.c.h; name = "Mclass-Bridging-Header.h"; path = "../Mclass-Bridging-Header.h"; sourceTree = "<group>"; };
		D9EC82D41B1E109300E64B68 /* prefix.pch */ = {isa = PBXFileReference; fileEncoding = 4; lastKnownFileType = sourcecode.c.h; name = prefix.pch; path = peertalk/peertalk/prefix.pch; sourceTree = "<group>"; };
		D9EC82D51B1E109300E64B68 /* PTPrivate.h */ = {isa = PBXFileReference; fileEncoding = 4; lastKnownFileType = sourcecode.c.h; name = PTPrivate.h; path = peertalk/peertalk/PTPrivate.h; sourceTree = "<group>"; };
		D9EC82D61B1E109300E64B68 /* PTChannel.h */ = {isa = PBXFileReference; fileEncoding = 4; lastKnownFileType = sourcecode.c.h; name = PTChannel.h; path = peertalk/peertalk/PTChannel.h; sourceTree = "<group>"; };
		D9EC82D71B1E109300E64B68 /* PTChannel.m */ = {isa = PBXFileReference; fileEncoding = 4; lastKnownFileType = sourcecode.c.objc; name = PTChannel.m; path = peertalk/peertalk/PTChannel.m; sourceTree = "<group>"; };
		D9EC82D81B1E109300E64B68 /* PTProtocol.h */ = {isa = PBXFileReference; fileEncoding = 4; lastKnownFileType = sourcecode.c.h; name = PTProtocol.h; path = peertalk/peertalk/PTProtocol.h; sourceTree = "<group>"; };
		D9EC82D91B1E109300E64B68 /* PTProtocol.m */ = {isa = PBXFileReference; fileEncoding = 4; lastKnownFileType = sourcecode.c.objc; name = PTProtocol.m; path = peertalk/peertalk/PTProtocol.m; sourceTree = "<group>"; };
		D9EC82DA1B1E109300E64B68 /* PTUSBHub.h */ = {isa = PBXFileReference; fileEncoding = 4; lastKnownFileType = sourcecode.c.h; name = PTUSBHub.h; path = peertalk/peertalk/PTUSBHub.h; sourceTree = "<group>"; };
		D9EC82DB1B1E109300E64B68 /* PTUSBHub.m */ = {isa = PBXFileReference; fileEncoding = 4; lastKnownFileType = sourcecode.c.objc; name = PTUSBHub.m; path = peertalk/peertalk/PTUSBHub.m; sourceTree = "<group>"; };
		D9FA03451B45D13B00849E0C /* AFPJLinkClient.h */ = {isa = PBXFileReference; fileEncoding = 4; lastKnownFileType = sourcecode.c.h; name = AFPJLinkClient.h; path = PJTalk/AFPJLinkClient.h; sourceTree = "<group>"; };
		D9FA03461B45D13B00849E0C /* AFPJLinkClient.m */ = {isa = PBXFileReference; fileEncoding = 4; lastKnownFileType = sourcecode.c.objc; name = AFPJLinkClient.m; path = PJTalk/AFPJLinkClient.m; sourceTree = "<group>"; };
		D9FA03471B45D13B00849E0C /* AFPJLinkRequestOperation.h */ = {isa = PBXFileReference; fileEncoding = 4; lastKnownFileType = sourcecode.c.h; name = AFPJLinkRequestOperation.h; path = PJTalk/AFPJLinkRequestOperation.h; sourceTree = "<group>"; };
		D9FA03481B45D13B00849E0C /* AFPJLinkRequestOperation.m */ = {isa = PBXFileReference; fileEncoding = 4; lastKnownFileType = sourcecode.c.objc; name = AFPJLinkRequestOperation.m; path = PJTalk/AFPJLinkRequestOperation.m; sourceTree = "<group>"; };
		D9FA03491B45D13B00849E0C /* NSString+Utils.h */ = {isa = PBXFileReference; fileEncoding = 4; lastKnownFileType = sourcecode.c.h; name = "NSString+Utils.h"; path = "PJTalk/NSString+Utils.h"; sourceTree = "<group>"; };
		D9FA034A1B45D13B00849E0C /* NSString+Utils.m */ = {isa = PBXFileReference; fileEncoding = 4; lastKnownFileType = sourcecode.c.objc; name = "NSString+Utils.m"; path = "PJTalk/NSString+Utils.m"; sourceTree = "<group>"; };
		D9FA034B1B45D13B00849E0C /* NSURL+Utils.h */ = {isa = PBXFileReference; fileEncoding = 4; lastKnownFileType = sourcecode.c.h; name = "NSURL+Utils.h"; path = "PJTalk/NSURL+Utils.h"; sourceTree = "<group>"; };
		D9FA034C1B45D13B00849E0C /* NSURL+Utils.m */ = {isa = PBXFileReference; fileEncoding = 4; lastKnownFileType = sourcecode.c.objc; name = "NSURL+Utils.m"; path = "PJTalk/NSURL+Utils.m"; sourceTree = "<group>"; };
		D9FA034D1B45D13B00849E0C /* PJDefinitions.h */ = {isa = PBXFileReference; fileEncoding = 4; lastKnownFileType = sourcecode.c.h; name = PJDefinitions.h; path = PJTalk/PJDefinitions.h; sourceTree = "<group>"; };
		D9FA034E1B45D13B00849E0C /* PJInputInfo.h */ = {isa = PBXFileReference; fileEncoding = 4; lastKnownFileType = sourcecode.c.h; name = PJInputInfo.h; path = PJTalk/PJInputInfo.h; sourceTree = "<group>"; };
		D9FA034F1B45D13B00849E0C /* PJInputInfo.m */ = {isa = PBXFileReference; fileEncoding = 4; lastKnownFileType = sourcecode.c.objc; name = PJInputInfo.m; path = PJTalk/PJInputInfo.m; sourceTree = "<group>"; };
		D9FA03501B45D13B00849E0C /* PJLampStatus.h */ = {isa = PBXFileReference; fileEncoding = 4; lastKnownFileType = sourcecode.c.h; name = PJLampStatus.h; path = PJTalk/PJLampStatus.h; sourceTree = "<group>"; };
		D9FA03511B45D13B00849E0C /* PJLampStatus.m */ = {isa = PBXFileReference; fileEncoding = 4; lastKnownFileType = sourcecode.c.objc; name = PJLampStatus.m; path = PJTalk/PJLampStatus.m; sourceTree = "<group>"; };
		D9FA03521B45D13B00849E0C /* PJProjector.h */ = {isa = PBXFileReference; fileEncoding = 4; lastKnownFileType = sourcecode.c.h; name = PJProjector.h; path = PJTalk/PJProjector.h; sourceTree = "<group>"; };
		D9FA03531B45D13B00849E0C /* PJProjector.m */ = {isa = PBXFileReference; fileEncoding = 4; lastKnownFileType = sourcecode.c.objc; name = PJProjector.m; path = PJTalk/PJProjector.m; sourceTree = "<group>"; };
		D9FA03541B45D13B00849E0C /* PJRequestInfo.h */ = {isa = PBXFileReference; fileEncoding = 4; lastKnownFileType = sourcecode.c.h; name = PJRequestInfo.h; path = PJTalk/PJRequestInfo.h; sourceTree = "<group>"; };
		D9FA03551B45D13B00849E0C /* PJRequestInfo.m */ = {isa = PBXFileReference; fileEncoding = 4; lastKnownFileType = sourcecode.c.objc; name = PJRequestInfo.m; path = PJTalk/PJRequestInfo.m; sourceTree = "<group>"; };
		D9FA03561B45D13B00849E0C /* PJResponseInfo.h */ = {isa = PBXFileReference; fileEncoding = 4; lastKnownFileType = sourcecode.c.h; name = PJResponseInfo.h; path = PJTalk/PJResponseInfo.h; sourceTree = "<group>"; };
		D9FA03571B45D13B00849E0C /* PJResponseInfo.m */ = {isa = PBXFileReference; fileEncoding = 4; lastKnownFileType = sourcecode.c.objc; name = PJResponseInfo.m; path = PJTalk/PJResponseInfo.m; sourceTree = "<group>"; };
		D9FA03581B45D13B00849E0C /* PJURLProtocolRunLoop.h */ = {isa = PBXFileReference; fileEncoding = 4; lastKnownFileType = sourcecode.c.h; name = PJURLProtocolRunLoop.h; path = PJTalk/PJURLProtocolRunLoop.h; sourceTree = "<group>"; };
		D9FA03591B45D13B00849E0C /* PJURLProtocolRunLoop.m */ = {isa = PBXFileReference; fileEncoding = 4; lastKnownFileType = sourcecode.c.objc; name = PJURLProtocolRunLoop.m; path = PJTalk/PJURLProtocolRunLoop.m; sourceTree = "<group>"; };
		D9FA03741B45D53200849E0C /* AFHTTPClient.h */ = {isa = PBXFileReference; fileEncoding = 4; lastKnownFileType = sourcecode.c.h; name = AFHTTPClient.h; path = AFNetworking/AFHTTPClient.h; sourceTree = "<group>"; };
		D9FA03751B45D53200849E0C /* AFHTTPClient.m */ = {isa = PBXFileReference; fileEncoding = 4; lastKnownFileType = sourcecode.c.objc; name = AFHTTPClient.m; path = AFNetworking/AFHTTPClient.m; sourceTree = "<group>"; };
		D9FA03761B45D53200849E0C /* AFHTTPRequestOperation.h */ = {isa = PBXFileReference; fileEncoding = 4; lastKnownFileType = sourcecode.c.h; name = AFHTTPRequestOperation.h; path = AFNetworking/AFHTTPRequestOperation.h; sourceTree = "<group>"; };
		D9FA03771B45D53200849E0C /* AFHTTPRequestOperation.m */ = {isa = PBXFileReference; fileEncoding = 4; lastKnownFileType = sourcecode.c.objc; name = AFHTTPRequestOperation.m; path = AFNetworking/AFHTTPRequestOperation.m; sourceTree = "<group>"; };
		D9FA03781B45D53200849E0C /* AFImageRequestOperation.h */ = {isa = PBXFileReference; fileEncoding = 4; lastKnownFileType = sourcecode.c.h; name = AFImageRequestOperation.h; path = AFNetworking/AFImageRequestOperation.h; sourceTree = "<group>"; };
		D9FA03791B45D53200849E0C /* AFImageRequestOperation.m */ = {isa = PBXFileReference; fileEncoding = 4; lastKnownFileType = sourcecode.c.objc; name = AFImageRequestOperation.m; path = AFNetworking/AFImageRequestOperation.m; sourceTree = "<group>"; };
		D9FA037A1B45D53200849E0C /* AFJSONRequestOperation.h */ = {isa = PBXFileReference; fileEncoding = 4; lastKnownFileType = sourcecode.c.h; name = AFJSONRequestOperation.h; path = AFNetworking/AFJSONRequestOperation.h; sourceTree = "<group>"; };
		D9FA037B1B45D53200849E0C /* AFJSONRequestOperation.m */ = {isa = PBXFileReference; fileEncoding = 4; lastKnownFileType = sourcecode.c.objc; name = AFJSONRequestOperation.m; path = AFNetworking/AFJSONRequestOperation.m; sourceTree = "<group>"; };
		D9FA037C1B45D53200849E0C /* AFNetworkActivityIndicatorManager.h */ = {isa = PBXFileReference; fileEncoding = 4; lastKnownFileType = sourcecode.c.h; name = AFNetworkActivityIndicatorManager.h; path = AFNetworking/AFNetworkActivityIndicatorManager.h; sourceTree = "<group>"; };
		D9FA037D1B45D53200849E0C /* AFNetworkActivityIndicatorManager.m */ = {isa = PBXFileReference; fileEncoding = 4; lastKnownFileType = sourcecode.c.objc; name = AFNetworkActivityIndicatorManager.m; path = AFNetworking/AFNetworkActivityIndicatorManager.m; sourceTree = "<group>"; };
		D9FA037E1B45D53200849E0C /* AFNetworking.h */ = {isa = PBXFileReference; fileEncoding = 4; lastKnownFileType = sourcecode.c.h; name = AFNetworking.h; path = AFNetworking/AFNetworking.h; sourceTree = "<group>"; };
		D9FA037F1B45D53200849E0C /* AFPropertyListRequestOperation.h */ = {isa = PBXFileReference; fileEncoding = 4; lastKnownFileType = sourcecode.c.h; name = AFPropertyListRequestOperation.h; path = AFNetworking/AFPropertyListRequestOperation.h; sourceTree = "<group>"; };
		D9FA03801B45D53200849E0C /* AFPropertyListRequestOperation.m */ = {isa = PBXFileReference; fileEncoding = 4; lastKnownFileType = sourcecode.c.objc; name = AFPropertyListRequestOperation.m; path = AFNetworking/AFPropertyListRequestOperation.m; sourceTree = "<group>"; };
		D9FA03811B45D53200849E0C /* AFURLConnectionOperation.h */ = {isa = PBXFileReference; fileEncoding = 4; lastKnownFileType = sourcecode.c.h; name = AFURLConnectionOperation.h; path = AFNetworking/AFURLConnectionOperation.h; sourceTree = "<group>"; };
		D9FA03821B45D53200849E0C /* AFURLConnectionOperation.m */ = {isa = PBXFileReference; fileEncoding = 4; lastKnownFileType = sourcecode.c.objc; name = AFURLConnectionOperation.m; path = AFNetworking/AFURLConnectionOperation.m; sourceTree = "<group>"; };
		D9FA03831B45D53200849E0C /* AFXMLRequestOperation.h */ = {isa = PBXFileReference; fileEncoding = 4; lastKnownFileType = sourcecode.c.h; name = AFXMLRequestOperation.h; path = AFNetworking/AFXMLRequestOperation.h; sourceTree = "<group>"; };
		D9FA03841B45D53200849E0C /* AFXMLRequestOperation.m */ = {isa = PBXFileReference; fileEncoding = 4; lastKnownFileType = sourcecode.c.objc; name = AFXMLRequestOperation.m; path = AFNetworking/AFXMLRequestOperation.m; sourceTree = "<group>"; };
		D9FA03851B45D53200849E0C /* UIImageView+AFNetworking.h */ = {isa = PBXFileReference; fileEncoding = 4; lastKnownFileType = sourcecode.c.h; name = "UIImageView+AFNetworking.h"; path = "AFNetworking/UIImageView+AFNetworking.h"; sourceTree = "<group>"; };
		D9FA03861B45D53200849E0C /* UIImageView+AFNetworking.m */ = {isa = PBXFileReference; fileEncoding = 4; lastKnownFileType = sourcecode.c.objc; name = "UIImageView+AFNetworking.m"; path = "AFNetworking/UIImageView+AFNetworking.m"; sourceTree = "<group>"; };
		D9FA039A1B45D56500849E0C /* GCDAsyncSocket.h */ = {isa = PBXFileReference; fileEncoding = 4; lastKnownFileType = sourcecode.c.h; name = GCDAsyncSocket.h; path = CocoaAsyncSocket/GCD/GCDAsyncSocket.h; sourceTree = "<group>"; };
		D9FA039B1B45D56500849E0C /* GCDAsyncSocket.m */ = {isa = PBXFileReference; fileEncoding = 4; lastKnownFileType = sourcecode.c.objc; name = GCDAsyncSocket.m; path = CocoaAsyncSocket/GCD/GCDAsyncSocket.m; sourceTree = "<group>"; };
		D9FA039C1B45D56500849E0C /* GCDAsyncUdpSocket.h */ = {isa = PBXFileReference; fileEncoding = 4; lastKnownFileType = sourcecode.c.h; name = GCDAsyncUdpSocket.h; path = CocoaAsyncSocket/GCD/GCDAsyncUdpSocket.h; sourceTree = "<group>"; };
		D9FA039D1B45D56500849E0C /* GCDAsyncUdpSocket.m */ = {isa = PBXFileReference; fileEncoding = 4; lastKnownFileType = sourcecode.c.objc; name = GCDAsyncUdpSocket.m; path = CocoaAsyncSocket/GCD/GCDAsyncUdpSocket.m; sourceTree = "<group>"; };
		D9FA03A21B45D56A00849E0C /* AsyncSocket.h */ = {isa = PBXFileReference; fileEncoding = 4; lastKnownFileType = sourcecode.c.h; name = AsyncSocket.h; path = CocoaAsyncSocket/RunLoop/AsyncSocket.h; sourceTree = "<group>"; };
		D9FA03A31B45D56A00849E0C /* AsyncSocket.m */ = {isa = PBXFileReference; fileEncoding = 4; lastKnownFileType = sourcecode.c.objc; name = AsyncSocket.m; path = CocoaAsyncSocket/RunLoop/AsyncSocket.m; sourceTree = "<group>"; };
		D9FA03A41B45D56A00849E0C /* AsyncUdpSocket.h */ = {isa = PBXFileReference; fileEncoding = 4; lastKnownFileType = sourcecode.c.h; name = AsyncUdpSocket.h; path = CocoaAsyncSocket/RunLoop/AsyncUdpSocket.h; sourceTree = "<group>"; };
		D9FA03A51B45D56A00849E0C /* AsyncUdpSocket.m */ = {isa = PBXFileReference; fileEncoding = 4; lastKnownFileType = sourcecode.c.objc; name = AsyncUdpSocket.m; path = CocoaAsyncSocket/RunLoop/AsyncUdpSocket.m; sourceTree = "<group>"; };
/* End PBXFileReference section */

/* Begin PBXFrameworksBuildPhase section */
		D97C693F1B28BB6500590068 /* Frameworks */ = {
			isa = PBXFrameworksBuildPhase;
			buildActionMask = 2147483647;
			files = (
			);
			runOnlyForDeploymentPostprocessing = 0;
		};
		D97C69501B28BB6500590068 /* Frameworks */ = {
			isa = PBXFrameworksBuildPhase;
			buildActionMask = 2147483647;
			files = (
			);
			runOnlyForDeploymentPostprocessing = 0;
		};
		D9E618691B0F8914007AFECB /* Frameworks */ = {
			isa = PBXFrameworksBuildPhase;
			buildActionMask = 2147483647;
			files = (
			);
			runOnlyForDeploymentPostprocessing = 0;
		};
		D9E6187E1B0F8914007AFECB /* Frameworks */ = {
			isa = PBXFrameworksBuildPhase;
			buildActionMask = 2147483647;
			files = (
			);
			runOnlyForDeploymentPostprocessing = 0;
		};
		D9E897C31B1F88E000F421E2 /* Frameworks */ = {
			isa = PBXFrameworksBuildPhase;
			buildActionMask = 2147483647;
			files = (
				D9E897FC1B1F8F7100F421E2 /* AppKit.framework in Frameworks */,
				D9E897FA1B1F8DF700F421E2 /* QuartzCore.framework in Frameworks */,
				D9E897F81B1F8DEF00F421E2 /* Cocoa.framework in Frameworks */,
			);
			runOnlyForDeploymentPostprocessing = 0;
		};
/* End PBXFrameworksBuildPhase section */

/* Begin PBXGroup section */
		D97C69431B28BB6500590068 /* Mac Helper */ = {
			isa = PBXGroup;
			children = (
				D97C69461B28BB6500590068 /* AppDelegate.swift */,
				D97C69481B28BB6500590068 /* ViewController.swift */,
				D97C694A1B28BB6500590068 /* Images.xcassets */,
				D97C694C1B28BB6500590068 /* Main.storyboard */,
				D97C69441B28BB6500590068 /* Supporting Files */,
			);
			path = "Mac Helper";
			sourceTree = "<group>";
		};
		D97C69441B28BB6500590068 /* Supporting Files */ = {
			isa = PBXGroup;
			children = (
				D97C69451B28BB6500590068 /* Info.plist */,
				D97C69611B28BF9700590068 /* objChelper_mac.m */,
				D97C69631B28BFA600590068 /* objChelper_mac.h */,
				D97C69681B28D35300590068 /* Protocol.h */,
				D9EC82D31B1E109200E64B68 /* Mclass-Bridging-Header.h */,
			);
			name = "Supporting Files";
			sourceTree = "<group>";
		};
		D97C69561B28BB6500590068 /* Mac HelperTests */ = {
			isa = PBXGroup;
			children = (
				D97C69591B28BB6500590068 /* Mac_HelperTests.swift */,
				D97C69571B28BB6500590068 /* Supporting Files */,
			);
			path = "Mac HelperTests";
			sourceTree = "<group>";
		};
		D97C69571B28BB6500590068 /* Supporting Files */ = {
			isa = PBXGroup;
			children = (
				D97C69581B28BB6500590068 /* Info.plist */,
			);
			name = "Supporting Files";
			sourceTree = "<group>";
		};
		D9E618631B0F8914007AFECB = {
			isa = PBXGroup;
			children = (
				9B7C7AA31B3B3AB100727B65 /* CAENView-Classrooms.txt */,
				D9243B161B680A7300D52C52 /* CAENClassroomIPList.txt */,
				D9E6186E1B0F8914007AFECB /* Mclass */,
				D9E618841B0F8914007AFECB /* MclassTests */,
				D97C69431B28BB6500590068 /* Mac Helper */,
				D97C69561B28BB6500590068 /* Mac HelperTests */,
				D9E6186D1B0F8914007AFECB /* Products */,
				D9EC82DF1B1E10B200E64B68 /* Peertalk */,
				D9FA03181B45D0C800849E0C /* PJLink */,
			);
			sourceTree = "<group>";
		};
		D9E6186D1B0F8914007AFECB /* Products */ = {
			isa = PBXGroup;
			children = (
				D9E6186C1B0F8914007AFECB /* Mclass.app */,
				D9E618811B0F8914007AFECB /* MclassTests.xctest */,
				D9E897C61B1F88E000F421E2 /* PeertalkExample.app */,
				D97C69421B28BB6500590068 /* Mac Helper.app */,
				D97C69531B28BB6500590068 /* Mac HelperTests.xctest */,
			);
			name = Products;
			sourceTree = "<group>";
		};
		D9E6186E1B0F8914007AFECB /* Mclass */ = {
			isa = PBXGroup;
			children = (
				D9E6189E1B0FCEF7007AFECB /* Main */,
				D9E6189F1B0FCF05007AFECB /* Camview */,
				D9E618A01B0FCF0E007AFECB /* Help */,
				D9E618781B0F8914007AFECB /* Images.xcassets */,
				D96F780D1B222C4200699147 /* LaunchScreen.xib */,
				D9E6186F1B0F8914007AFECB /* Supporting Files */,
			);
			path = Mclass;
			sourceTree = "<group>";
		};
		D9E6186F1B0F8914007AFECB /* Supporting Files */ = {
			isa = PBXGroup;
			children = (
				D9E898051B20D18800F421E2 /* objChelper.m */,
				D9E898071B20D1C100F421E2 /* objChelper.h */,
				9BA2D72D1B681C4000EFA4B6 /* Streamreader.swift */,
				D9E618711B0F8914007AFECB /* AppDelegate.swift */,
				9BB4D7A01B2F440D00F3E00B /* Player.swift */,
				D9BAD0231B3B1C9900BAC859 /* background.jpg */,
				D9EC82CD1B179BDE00E64B68 /* Gear.png */,
				D979CB6B1B16479F003C687A /* Bar.png */,
				D9E618701B0F8914007AFECB /* Info.plist */,
			);
			name = "Supporting Files";
			sourceTree = "<group>";
		};
		D9E618841B0F8914007AFECB /* MclassTests */ = {
			isa = PBXGroup;
			children = (
				D9E618871B0F8914007AFECB /* MclassTests.swift */,
				D9E618851B0F8914007AFECB /* Supporting Files */,
			);
			path = MclassTests;
			sourceTree = "<group>";
		};
		D9E618851B0F8914007AFECB /* Supporting Files */ = {
			isa = PBXGroup;
			children = (
				D9E618861B0F8914007AFECB /* Info.plist */,
			);
			name = "Supporting Files";
			sourceTree = "<group>";
		};
		D9E6189E1B0FCEF7007AFECB /* Main */ = {
			isa = PBXGroup;
			children = (
				D96F780A1B222C3000699147 /* Main.storyboard */,
				D9E6189C1B0FCEB4007AFECB /* MainViewController.swift */,
				D9EC82C51B1523B200E64B68 /* SubMainViewController.swift */,
				D9EC82D11B17B98400E64B68 /* SettingsViewController.swift */,
				D9E618911B0FAFFF007AFECB /* MainTableViewController.swift */,
			);
			name = Main;
			sourceTree = "<group>";
		};
		D9E6189F1B0FCF05007AFECB /* Camview */ = {
			isa = PBXGroup;
			children = (
				D96F78051B222BE500699147 /* CamView.storyboard */,
				089D20341B0FB0CD00B0D613 /* CamView.swift */,
				9BB4D79E1B2F43B100F3E00B /* PlayerController.swift */,
			);
			name = Camview;
			sourceTree = "<group>";
		};
		D9E618A01B0FCF0E007AFECB /* Help */ = {
			isa = PBXGroup;
			children = (
				D9E618A31B0FD2E7007AFECB /* Help.storyboard */,
				D9EC82C11B14D22700E64B68 /* HelpViewController.swift */,
				9B8CA9261B0FA1F200A6DD72 /* HelpTableViewController.swift */,
			);
			name = Help;
			sourceTree = "<group>";
		};
		D9EC82DF1B1E10B200E64B68 /* Peertalk */ = {
			isa = PBXGroup;
			children = (
				D9EC82E11B1E117900E64B68 /* Example */,
				D9EC82D41B1E109300E64B68 /* prefix.pch */,
				D9EC82D51B1E109300E64B68 /* PTPrivate.h */,
				D9EC82D61B1E109300E64B68 /* PTChannel.h */,
				D9EC82D71B1E109300E64B68 /* PTChannel.m */,
				D9EC82D81B1E109300E64B68 /* PTProtocol.h */,
				D9EC82D91B1E109300E64B68 /* PTProtocol.m */,
				D9EC82DA1B1E109300E64B68 /* PTUSBHub.h */,
				D9EC82DB1B1E109300E64B68 /* PTUSBHub.m */,
				D9E897FB1B1F8F7100F421E2 /* AppKit.framework */,
				D9E897F91B1F8DF700F421E2 /* QuartzCore.framework */,
				D9E897F71B1F8DEF00F421E2 /* Cocoa.framework */,
			);
			name = Peertalk;
			sourceTree = "<group>";
		};
		D9EC82E11B1E117900E64B68 /* Example */ = {
			isa = PBXGroup;
			children = (
				D9E897E61B1F8A7F00F421E2 /* Icon-1024.psd */,
				D9E897E71B1F8A7F00F421E2 /* Icon.icns */,
				D9E897E81B1F8A7F00F421E2 /* main.m */,
				D9E897E91B1F8A7F00F421E2 /* Peertalk Example-Info.plist */,
				D9E897EA1B1F8A7F00F421E2 /* Peertalk Example-Prefix.pch */,
				D9E897EB1B1F8A7F00F421E2 /* PTAppDelegate.h */,
				D9E897EC1B1F8A7F00F421E2 /* PTAppDelegate.m */,
				D9E897ED1B1F8A7F00F421E2 /* PTExampleProtocol.h */,
				D9E898001B1F973C00F421E2 /* MainMenu.xib */,
			);
			name = Example;
			sourceTree = "<group>";
		};
		D9FA03181B45D0C800849E0C /* PJLink */ = {
			isa = PBXGroup;
			children = (
				D9FA03AA1B45D57400849E0C /* CocoaAsyncSocket */,
				D9FA03991B45D53E00849E0C /* AFNetworking */,
				D9FA03451B45D13B00849E0C /* AFPJLinkClient.h */,
				D9FA03461B45D13B00849E0C /* AFPJLinkClient.m */,
				D9FA03471B45D13B00849E0C /* AFPJLinkRequestOperation.h */,
				D9FA03481B45D13B00849E0C /* AFPJLinkRequestOperation.m */,
				D9FA03491B45D13B00849E0C /* NSString+Utils.h */,
				D9FA034C1B45D13B00849E0C /* NSURL+Utils.m */,
				D9FA034A1B45D13B00849E0C /* NSString+Utils.m */,
				D9FA034B1B45D13B00849E0C /* NSURL+Utils.h */,
				D9FA034D1B45D13B00849E0C /* PJDefinitions.h */,
				D9FA034E1B45D13B00849E0C /* PJInputInfo.h */,
				D9FA034F1B45D13B00849E0C /* PJInputInfo.m */,
				D9FA03501B45D13B00849E0C /* PJLampStatus.h */,
				D9FA03511B45D13B00849E0C /* PJLampStatus.m */,
				D9FA03521B45D13B00849E0C /* PJProjector.h */,
				D9FA03531B45D13B00849E0C /* PJProjector.m */,
				D9FA03541B45D13B00849E0C /* PJRequestInfo.h */,
				D9FA03551B45D13B00849E0C /* PJRequestInfo.m */,
				D9FA03561B45D13B00849E0C /* PJResponseInfo.h */,
				D9FA03571B45D13B00849E0C /* PJResponseInfo.m */,
				D9FA03581B45D13B00849E0C /* PJURLProtocolRunLoop.h */,
				D9FA03591B45D13B00849E0C /* PJURLProtocolRunLoop.m */,
			);
			name = PJLink;
			sourceTree = "<group>";
		};
		D9FA03991B45D53E00849E0C /* AFNetworking */ = {
			isa = PBXGroup;
			children = (
				D9FA03741B45D53200849E0C /* AFHTTPClient.h */,
				D9FA03751B45D53200849E0C /* AFHTTPClient.m */,
				D9FA03761B45D53200849E0C /* AFHTTPRequestOperation.h */,
				D9FA03771B45D53200849E0C /* AFHTTPRequestOperation.m */,
				D9FA03781B45D53200849E0C /* AFImageRequestOperation.h */,
				D9FA03791B45D53200849E0C /* AFImageRequestOperation.m */,
				D9FA037A1B45D53200849E0C /* AFJSONRequestOperation.h */,
				D9FA037B1B45D53200849E0C /* AFJSONRequestOperation.m */,
				D9FA037C1B45D53200849E0C /* AFNetworkActivityIndicatorManager.h */,
				D9FA037D1B45D53200849E0C /* AFNetworkActivityIndicatorManager.m */,
				D9FA037E1B45D53200849E0C /* AFNetworking.h */,
				D9FA037F1B45D53200849E0C /* AFPropertyListRequestOperation.h */,
				D9FA03801B45D53200849E0C /* AFPropertyListRequestOperation.m */,
				D9FA03811B45D53200849E0C /* AFURLConnectionOperation.h */,
				D9FA03821B45D53200849E0C /* AFURLConnectionOperation.m */,
				D9FA03831B45D53200849E0C /* AFXMLRequestOperation.h */,
				D9FA03841B45D53200849E0C /* AFXMLRequestOperation.m */,
				D9FA03851B45D53200849E0C /* UIImageView+AFNetworking.h */,
				D9FA03861B45D53200849E0C /* UIImageView+AFNetworking.m */,
			);
			name = AFNetworking;
			sourceTree = "<group>";
		};
		D9FA03AA1B45D57400849E0C /* CocoaAsyncSocket */ = {
			isa = PBXGroup;
			children = (
				D9FA039A1B45D56500849E0C /* GCDAsyncSocket.h */,
				D9FA039B1B45D56500849E0C /* GCDAsyncSocket.m */,
				D9FA039C1B45D56500849E0C /* GCDAsyncUdpSocket.h */,
				D9FA039D1B45D56500849E0C /* GCDAsyncUdpSocket.m */,
				D9FA03A21B45D56A00849E0C /* AsyncSocket.h */,
				D9FA03A31B45D56A00849E0C /* AsyncSocket.m */,
				D9FA03A41B45D56A00849E0C /* AsyncUdpSocket.h */,
				D9FA03A51B45D56A00849E0C /* AsyncUdpSocket.m */,
			);
			name = CocoaAsyncSocket;
			sourceTree = "<group>";
		};
/* End PBXGroup section */

/* Begin PBXNativeTarget section */
		D97C69411B28BB6500590068 /* Mac Helper */ = {
			isa = PBXNativeTarget;
			buildConfigurationList = D97C695F1B28BB6500590068 /* Build configuration list for PBXNativeTarget "Mac Helper" */;
			buildPhases = (
				D97C693E1B28BB6500590068 /* Sources */,
				D97C693F1B28BB6500590068 /* Frameworks */,
				D97C69401B28BB6500590068 /* Resources */,
			);
			buildRules = (
			);
			dependencies = (
			);
			name = "Mac Helper";
			productName = "Mac Helper";
			productReference = D97C69421B28BB6500590068 /* Mac Helper.app */;
			productType = "com.apple.product-type.application";
		};
		D97C69521B28BB6500590068 /* Mac HelperTests */ = {
			isa = PBXNativeTarget;
			buildConfigurationList = D97C69601B28BB6500590068 /* Build configuration list for PBXNativeTarget "Mac HelperTests" */;
			buildPhases = (
				D97C694F1B28BB6500590068 /* Sources */,
				D97C69501B28BB6500590068 /* Frameworks */,
				D97C69511B28BB6500590068 /* Resources */,
			);
			buildRules = (
			);
			dependencies = (
				D97C69551B28BB6500590068 /* PBXTargetDependency */,
			);
			name = "Mac HelperTests";
			productName = "Mac HelperTests";
			productReference = D97C69531B28BB6500590068 /* Mac HelperTests.xctest */;
			productType = "com.apple.product-type.bundle.unit-test";
		};
		D9E6186B1B0F8914007AFECB /* Mclass */ = {
			isa = PBXNativeTarget;
			buildConfigurationList = D9E6188B1B0F8914007AFECB /* Build configuration list for PBXNativeTarget "Mclass" */;
			buildPhases = (
				D9E618681B0F8914007AFECB /* Sources */,
				D9E618691B0F8914007AFECB /* Frameworks */,
				D9E6186A1B0F8914007AFECB /* Resources */,
			);
			buildRules = (
			);
			dependencies = (
			);
			name = Mclass;
			productName = Mclass;
			productReference = D9E6186C1B0F8914007AFECB /* Mclass.app */;
			productType = "com.apple.product-type.application";
		};
		D9E618801B0F8914007AFECB /* MclassTests */ = {
			isa = PBXNativeTarget;
			buildConfigurationList = D9E6188E1B0F8914007AFECB /* Build configuration list for PBXNativeTarget "MclassTests" */;
			buildPhases = (
				D9E6187D1B0F8914007AFECB /* Sources */,
				D9E6187E1B0F8914007AFECB /* Frameworks */,
				D9E6187F1B0F8914007AFECB /* Resources */,
			);
			buildRules = (
			);
			dependencies = (
				D9E618831B0F8914007AFECB /* PBXTargetDependency */,
			);
			name = MclassTests;
			productName = MclassTests;
			productReference = D9E618811B0F8914007AFECB /* MclassTests.xctest */;
			productType = "com.apple.product-type.bundle.unit-test";
		};
		D9E897C51B1F88E000F421E2 /* PeertalkExample */ = {
			isa = PBXNativeTarget;
			buildConfigurationList = D9E897E01B1F88E100F421E2 /* Build configuration list for PBXNativeTarget "PeertalkExample" */;
			buildPhases = (
				D9E897C21B1F88E000F421E2 /* Sources */,
				D9E897C31B1F88E000F421E2 /* Frameworks */,
				D9E897C41B1F88E000F421E2 /* Resources */,
			);
			buildRules = (
			);
			dependencies = (
			);
			name = PeertalkExample;
			productName = PeertalkExample;
			productReference = D9E897C61B1F88E000F421E2 /* PeertalkExample.app */;
			productType = "com.apple.product-type.application";
		};
/* End PBXNativeTarget section */

/* Begin PBXProject section */
		D9E618641B0F8914007AFECB /* Project object */ = {
			isa = PBXProject;
			attributes = {
				LastSwiftUpdateCheck = 0700;
				LastUpgradeCheck = 0700;
				ORGANIZATIONNAME = CAENiOS;
				TargetAttributes = {
					D97C69411B28BB6500590068 = {
						CreatedOnToolsVersion = 6.3.2;
					};
					D97C69521B28BB6500590068 = {
						CreatedOnToolsVersion = 6.3.2;
						TestTargetID = D97C69411B28BB6500590068;
					};
					D9E6186B1B0F8914007AFECB = {
						CreatedOnToolsVersion = 6.3.2;
						DevelopmentTeam = D9GZK3CLYY;
					};
					D9E618801B0F8914007AFECB = {
						CreatedOnToolsVersion = 6.3.2;
						TestTargetID = D9E6186B1B0F8914007AFECB;
					};
					D9E897C51B1F88E000F421E2 = {
						CreatedOnToolsVersion = 6.3.2;
					};
				};
			};
			buildConfigurationList = D9E618671B0F8914007AFECB /* Build configuration list for PBXProject "Mclass" */;
			compatibilityVersion = "Xcode 3.2";
			developmentRegion = English;
			hasScannedForEncodings = 0;
			knownRegions = (
				en,
				Base,
			);
			mainGroup = D9E618631B0F8914007AFECB;
			productRefGroup = D9E6186D1B0F8914007AFECB /* Products */;
			projectDirPath = "";
			projectRoot = "";
			targets = (
				D9E6186B1B0F8914007AFECB /* Mclass */,
				D9E618801B0F8914007AFECB /* MclassTests */,
				D9E897C51B1F88E000F421E2 /* PeertalkExample */,
				D97C69411B28BB6500590068 /* Mac Helper */,
				D97C69521B28BB6500590068 /* Mac HelperTests */,
			);
		};
/* End PBXProject section */

/* Begin PBXResourcesBuildPhase section */
		D97C69401B28BB6500590068 /* Resources */ = {
			isa = PBXResourcesBuildPhase;
			buildActionMask = 2147483647;
			files = (
				D9243B171B680A7300D52C52 /* CAENClassroomIPList.txt in Resources */,
				D97C694B1B28BB6500590068 /* Images.xcassets in Resources */,
				D97C694E1B28BB6500590068 /* Main.storyboard in Resources */,
			);
			runOnlyForDeploymentPostprocessing = 0;
		};
		D97C69511B28BB6500590068 /* Resources */ = {
			isa = PBXResourcesBuildPhase;
			buildActionMask = 2147483647;
			files = (
			);
			runOnlyForDeploymentPostprocessing = 0;
		};
		D9E6186A1B0F8914007AFECB /* Resources */ = {
			isa = PBXResourcesBuildPhase;
			buildActionMask = 2147483647;
			files = (
				D9BAD0241B3B1C9900BAC859 /* background.jpg in Resources */,
				D96F780F1B222C4200699147 /* LaunchScreen.xib in Resources */,
				D96F780C1B222C3000699147 /* Main.storyboard in Resources */,
				D96F78091B222C2200699147 /* CamView.storyboard in Resources */,
				D96F78041B22297600699147 /* Help.storyboard in Resources */,
				D9E618791B0F8914007AFECB /* Images.xcassets in Resources */,
				9B7C7AA41B3B3AB100727B65 /* CAENView-Classrooms.txt in Resources */,
				D979CB6C1B16479F003C687A /* Bar.png in Resources */,
				D9EC82CE1B179BDE00E64B68 /* Gear.png in Resources */,
			);
			runOnlyForDeploymentPostprocessing = 0;
		};
		D9E6187F1B0F8914007AFECB /* Resources */ = {
			isa = PBXResourcesBuildPhase;
			buildActionMask = 2147483647;
			files = (
			);
			runOnlyForDeploymentPostprocessing = 0;
		};
		D9E897C41B1F88E000F421E2 /* Resources */ = {
			isa = PBXResourcesBuildPhase;
			buildActionMask = 2147483647;
			files = (
				D9E897EE1B1F8A7F00F421E2 /* Icon-1024.psd in Resources */,
				D9E897EF1B1F8A7F00F421E2 /* Icon.icns in Resources */,
				D9E898011B1F973C00F421E2 /* MainMenu.xib in Resources */,
			);
			runOnlyForDeploymentPostprocessing = 0;
		};
/* End PBXResourcesBuildPhase section */

/* Begin PBXSourcesBuildPhase section */
		D97C693E1B28BB6500590068 /* Sources */ = {
			isa = PBXSourcesBuildPhase;
			buildActionMask = 2147483647;
			files = (
				D9FA038C1B45D53200849E0C /* AFImageRequestOperation.m in Sources */,
				D9FA03A11B45D56500849E0C /* GCDAsyncUdpSocket.m in Sources */,
				D9FA038A1B45D53200849E0C /* AFHTTPRequestOperation.m in Sources */,
				D97C696E1B28F7A800590068 /* PTChannel.m in Sources */,
				D97C69701B28F7A800590068 /* PTProtocol.m in Sources */,
				D9FA03961B45D53200849E0C /* AFXMLRequestOperation.m in Sources */,
				D9FA03611B45D13B00849E0C /* NSURL+Utils.m in Sources */,
				D9FA03901B45D53200849E0C /* AFNetworkActivityIndicatorManager.m in Sources */,
				D9FA03631B45D13B00849E0C /* PJInputInfo.m in Sources */,
				D97C69721B28F7A800590068 /* PTUSBHub.m in Sources */,
				D9FA03921B45D53200849E0C /* AFPropertyListRequestOperation.m in Sources */,
				D9FA035B1B45D13B00849E0C /* AFPJLinkClient.m in Sources */,
				D9FA03981B45D53200849E0C /* UIImageView+AFNetworking.m in Sources */,
				D9FA035F1B45D13B00849E0C /* NSString+Utils.m in Sources */,
				D97C69491B28BB6500590068 /* ViewController.swift in Sources */,
				D9FA039F1B45D56500849E0C /* GCDAsyncSocket.m in Sources */,
				D9FA036B1B45D13B00849E0C /* PJResponseInfo.m in Sources */,
				D9FA03941B45D53200849E0C /* AFURLConnectionOperation.m in Sources */,
				D97C69621B28BF9700590068 /* objChelper_mac.m in Sources */,
				D9FA03A91B45D56A00849E0C /* AsyncUdpSocket.m in Sources */,
				D9FA03691B45D13B00849E0C /* PJRequestInfo.m in Sources */,
				D9FA03881B45D53200849E0C /* AFHTTPClient.m in Sources */,
				D9243B181B681E2F00D52C52 /* Streamreader.swift in Sources */,
				D9FA03651B45D13B00849E0C /* PJLampStatus.m in Sources */,
				D9FA035D1B45D13B00849E0C /* AFPJLinkRequestOperation.m in Sources */,
				D97C69471B28BB6500590068 /* AppDelegate.swift in Sources */,
				D9FA03671B45D13B00849E0C /* PJProjector.m in Sources */,
				D9FA038E1B45D53200849E0C /* AFJSONRequestOperation.m in Sources */,
				D9FA036D1B45D13B00849E0C /* PJURLProtocolRunLoop.m in Sources */,
				D9FA03A71B45D56A00849E0C /* AsyncSocket.m in Sources */,
			);
			runOnlyForDeploymentPostprocessing = 0;
		};
		D97C694F1B28BB6500590068 /* Sources */ = {
			isa = PBXSourcesBuildPhase;
			buildActionMask = 2147483647;
			files = (
				D97C695A1B28BB6500590068 /* Mac_HelperTests.swift in Sources */,
			);
			runOnlyForDeploymentPostprocessing = 0;
		};
		D9E618681B0F8914007AFECB /* Sources */ = {
			isa = PBXSourcesBuildPhase;
			buildActionMask = 2147483647;
			files = (
				D9E618921B0FAFFF007AFECB /* MainTableViewController.swift in Sources */,
				D9EC82C61B1523B200E64B68 /* SubMainViewController.swift in Sources */,
				D9EC82C21B14D22700E64B68 /* HelpViewController.swift in Sources */,
				9BB4D79F1B2F43B100F3E00B /* PlayerController.swift in Sources */,
				9B8CA9271B0FA1F200A6DD72 /* HelpTableViewController.swift in Sources */,
				089D20351B0FB0CD00B0D613 /* CamView.swift in Sources */,
				D9DEF81E1B43138800A81E36 /* objChelper.m in Sources */,
				D9DEF8201B4313B100A81E36 /* PTProtocol.m in Sources */,
				9BA2D72E1B681C4000EFA4B6 /* Streamreader.swift in Sources */,
				D9DEF81F1B4313AD00A81E36 /* PTChannel.m in Sources */,
				D9E618721B0F8914007AFECB /* AppDelegate.swift in Sources */,
				D9E6189D1B0FCEB4007AFECB /* MainViewController.swift in Sources */,
				D9EC82D21B17B98400E64B68 /* SettingsViewController.swift in Sources */,
				9BB4D7A11B2F440D00F3E00B /* Player.swift in Sources */,
			);
			runOnlyForDeploymentPostprocessing = 0;
		};
		D9E6187D1B0F8914007AFECB /* Sources */ = {
			isa = PBXSourcesBuildPhase;
			buildActionMask = 2147483647;
			files = (
				D9E618881B0F8914007AFECB /* MclassTests.swift in Sources */,
			);
			runOnlyForDeploymentPostprocessing = 0;
		};
		D9E897C21B1F88E000F421E2 /* Sources */ = {
			isa = PBXSourcesBuildPhase;
			buildActionMask = 2147483647;
			files = (
				D9E897FE1B1F91AB00F421E2 /* PTProtocol.m in Sources */,
				D9E897FF1B1F91AB00F421E2 /* PTUSBHub.m in Sources */,
				D9E897FD1B1F919900F421E2 /* PTChannel.m in Sources */,
				D9E897F21B1F8A7F00F421E2 /* PTAppDelegate.m in Sources */,
				D9E897F01B1F8A7F00F421E2 /* main.m in Sources */,
			);
			runOnlyForDeploymentPostprocessing = 0;
		};
/* End PBXSourcesBuildPhase section */

/* Begin PBXTargetDependency section */
		D97C69551B28BB6500590068 /* PBXTargetDependency */ = {
			isa = PBXTargetDependency;
			target = D97C69411B28BB6500590068 /* Mac Helper */;
			targetProxy = D97C69541B28BB6500590068 /* PBXContainerItemProxy */;
		};
		D9E618831B0F8914007AFECB /* PBXTargetDependency */ = {
			isa = PBXTargetDependency;
			target = D9E6186B1B0F8914007AFECB /* Mclass */;
			targetProxy = D9E618821B0F8914007AFECB /* PBXContainerItemProxy */;
		};
/* End PBXTargetDependency section */

/* Begin PBXVariantGroup section */
		D96F780A1B222C3000699147 /* Main.storyboard */ = {
			isa = PBXVariantGroup;
			children = (
				D96F780B1B222C3000699147 /* Base */,
			);
			name = Main.storyboard;
			path = ..;
			sourceTree = "<group>";
		};
		D96F780D1B222C4200699147 /* LaunchScreen.xib */ = {
			isa = PBXVariantGroup;
			children = (
				D96F780E1B222C4200699147 /* Base */,
			);
			name = LaunchScreen.xib;
			path = ..;
			sourceTree = "<group>";
		};
		D97C694C1B28BB6500590068 /* Main.storyboard */ = {
			isa = PBXVariantGroup;
			children = (
				D97C694D1B28BB6500590068 /* Base */,
			);
			name = Main.storyboard;
			sourceTree = "<group>";
		};
/* End PBXVariantGroup section */

/* Begin XCBuildConfiguration section */
		D97C695B1B28BB6500590068 /* Debug */ = {
			isa = XCBuildConfiguration;
			buildSettings = {
				ASSETCATALOG_COMPILER_APPICON_NAME = AppIcon;
				CODE_SIGN_IDENTITY = "-";
				COMBINE_HIDPI_IMAGES = YES;
				DEBUG_INFORMATION_FORMAT = dwarf;
				DEFINES_MODULE = YES;
				GCC_PREPROCESSOR_DEFINITIONS = (
					"DEBUG=1",
					"$(inherited)",
				);
				INFOPLIST_FILE = "Mac Helper/Info.plist";
				LD_RUNPATH_SEARCH_PATHS = "$(inherited) @executable_path/../Frameworks";
				MACOSX_DEPLOYMENT_TARGET = 10.10;
				PRODUCT_BUNDLE_IDENTIFIER = "CAEN.$(PRODUCT_NAME:rfc1034identifier)";
				PRODUCT_NAME = "$(TARGET_NAME)";
				SDKROOT = macosx;
				SWIFT_INSTALL_OBJC_HEADER = YES;
				SWIFT_OBJC_BRIDGING_HEADER = "Mclass-Bridging-Header.h";
			};
			name = Debug;
		};
		D97C695C1B28BB6500590068 /* Release */ = {
			isa = XCBuildConfiguration;
			buildSettings = {
				ASSETCATALOG_COMPILER_APPICON_NAME = AppIcon;
				CODE_SIGN_IDENTITY = "-";
				COMBINE_HIDPI_IMAGES = YES;
				DEFINES_MODULE = YES;
				INFOPLIST_FILE = "Mac Helper/Info.plist";
				LD_RUNPATH_SEARCH_PATHS = "$(inherited) @executable_path/../Frameworks";
				MACOSX_DEPLOYMENT_TARGET = 10.10;
				PRODUCT_BUNDLE_IDENTIFIER = "CAEN.$(PRODUCT_NAME:rfc1034identifier)";
				PRODUCT_NAME = "$(TARGET_NAME)";
				SDKROOT = macosx;
				SWIFT_INSTALL_OBJC_HEADER = YES;
				SWIFT_OBJC_BRIDGING_HEADER = "Mclass-Bridging-Header.h";
			};
			name = Release;
		};
		D97C695D1B28BB6500590068 /* Debug */ = {
			isa = XCBuildConfiguration;
			buildSettings = {
				BUNDLE_LOADER = "$(TEST_HOST)";
				COMBINE_HIDPI_IMAGES = YES;
				DEBUG_INFORMATION_FORMAT = dwarf;
				FRAMEWORK_SEARCH_PATHS = (
					"$(DEVELOPER_FRAMEWORKS_DIR)",
					"$(inherited)",
				);
				GCC_PREPROCESSOR_DEFINITIONS = (
					"DEBUG=1",
					"$(inherited)",
				);
				INFOPLIST_FILE = "Mac HelperTests/Info.plist";
				LD_RUNPATH_SEARCH_PATHS = "$(inherited) @executable_path/../Frameworks @loader_path/../Frameworks";
				MACOSX_DEPLOYMENT_TARGET = 10.10;
				PRODUCT_BUNDLE_IDENTIFIER = "CAEN.$(PRODUCT_NAME:rfc1034identifier)";
				PRODUCT_NAME = "$(TARGET_NAME)";
				SDKROOT = macosx;
				TEST_HOST = "$(BUILT_PRODUCTS_DIR)/Mac Helper.app/Contents/MacOS/Mac Helper";
			};
			name = Debug;
		};
		D97C695E1B28BB6500590068 /* Release */ = {
			isa = XCBuildConfiguration;
			buildSettings = {
				BUNDLE_LOADER = "$(TEST_HOST)";
				COMBINE_HIDPI_IMAGES = YES;
				FRAMEWORK_SEARCH_PATHS = (
					"$(DEVELOPER_FRAMEWORKS_DIR)",
					"$(inherited)",
				);
				INFOPLIST_FILE = "Mac HelperTests/Info.plist";
				LD_RUNPATH_SEARCH_PATHS = "$(inherited) @executable_path/../Frameworks @loader_path/../Frameworks";
				MACOSX_DEPLOYMENT_TARGET = 10.10;
				PRODUCT_BUNDLE_IDENTIFIER = "CAEN.$(PRODUCT_NAME:rfc1034identifier)";
				PRODUCT_NAME = "$(TARGET_NAME)";
				SDKROOT = macosx;
				TEST_HOST = "$(BUILT_PRODUCTS_DIR)/Mac Helper.app/Contents/MacOS/Mac Helper";
			};
			name = Release;
		};
		D9E618891B0F8914007AFECB /* Debug */ = {
			isa = XCBuildConfiguration;
			buildSettings = {
				ALWAYS_SEARCH_USER_PATHS = NO;
				CLANG_CXX_LANGUAGE_STANDARD = "gnu++0x";
				CLANG_CXX_LIBRARY = "libc++";
				CLANG_ENABLE_MODULES = YES;
				CLANG_ENABLE_OBJC_ARC = YES;
				CLANG_WARN_BOOL_CONVERSION = YES;
				CLANG_WARN_CONSTANT_CONVERSION = YES;
				CLANG_WARN_DIRECT_OBJC_ISA_USAGE = YES_ERROR;
				CLANG_WARN_EMPTY_BODY = YES;
				CLANG_WARN_ENUM_CONVERSION = YES;
				CLANG_WARN_INT_CONVERSION = YES;
				CLANG_WARN_OBJC_ROOT_CLASS = YES_ERROR;
				CLANG_WARN_UNREACHABLE_CODE = YES;
				CLANG_WARN__DUPLICATE_METHOD_MATCH = YES;
				"CODE_SIGN_IDENTITY[sdk=iphoneos*]" = "iPhone Developer";
				COPY_PHASE_STRIP = NO;
				DEBUG_INFORMATION_FORMAT = "dwarf-with-dsym";
				ENABLE_STRICT_OBJC_MSGSEND = YES;
				ENABLE_TESTABILITY = YES;
				GCC_C_LANGUAGE_STANDARD = gnu99;
				GCC_DYNAMIC_NO_PIC = NO;
				GCC_NO_COMMON_BLOCKS = YES;
				GCC_OPTIMIZATION_LEVEL = 0;
				GCC_PREPROCESSOR_DEFINITIONS = (
					"DEBUG=1",
					"$(inherited)",
				);
				GCC_SYMBOLS_PRIVATE_EXTERN = NO;
				GCC_WARN_64_TO_32_BIT_CONVERSION = YES;
				GCC_WARN_ABOUT_RETURN_TYPE = YES_ERROR;
				GCC_WARN_UNDECLARED_SELECTOR = YES;
				GCC_WARN_UNINITIALIZED_AUTOS = YES_AGGRESSIVE;
				GCC_WARN_UNUSED_FUNCTION = YES;
				GCC_WARN_UNUSED_VARIABLE = YES;
				IPHONEOS_DEPLOYMENT_TARGET = 8.3;
				MTL_ENABLE_DEBUG_INFO = YES;
				ONLY_ACTIVE_ARCH = YES;
				SDKROOT = iphoneos;
				SWIFT_OBJC_BRIDGING_HEADER = "Mclass-Bridging-Header.h";
				SWIFT_OPTIMIZATION_LEVEL = "-Onone";
				TARGETED_DEVICE_FAMILY = 2;
			};
			name = Debug;
		};
		D9E6188A1B0F8914007AFECB /* Release */ = {
			isa = XCBuildConfiguration;
			buildSettings = {
				ALWAYS_SEARCH_USER_PATHS = NO;
				CLANG_CXX_LANGUAGE_STANDARD = "gnu++0x";
				CLANG_CXX_LIBRARY = "libc++";
				CLANG_ENABLE_MODULES = YES;
				CLANG_ENABLE_OBJC_ARC = YES;
				CLANG_WARN_BOOL_CONVERSION = YES;
				CLANG_WARN_CONSTANT_CONVERSION = YES;
				CLANG_WARN_DIRECT_OBJC_ISA_USAGE = YES_ERROR;
				CLANG_WARN_EMPTY_BODY = YES;
				CLANG_WARN_ENUM_CONVERSION = YES;
				CLANG_WARN_INT_CONVERSION = YES;
				CLANG_WARN_OBJC_ROOT_CLASS = YES_ERROR;
				CLANG_WARN_UNREACHABLE_CODE = YES;
				CLANG_WARN__DUPLICATE_METHOD_MATCH = YES;
				"CODE_SIGN_IDENTITY[sdk=iphoneos*]" = "iPhone Developer";
				COPY_PHASE_STRIP = NO;
				DEBUG_INFORMATION_FORMAT = "dwarf-with-dsym";
				ENABLE_NS_ASSERTIONS = NO;
				ENABLE_STRICT_OBJC_MSGSEND = YES;
				GCC_C_LANGUAGE_STANDARD = gnu99;
				GCC_NO_COMMON_BLOCKS = YES;
				GCC_WARN_64_TO_32_BIT_CONVERSION = YES;
				GCC_WARN_ABOUT_RETURN_TYPE = YES_ERROR;
				GCC_WARN_UNDECLARED_SELECTOR = YES;
				GCC_WARN_UNINITIALIZED_AUTOS = YES_AGGRESSIVE;
				GCC_WARN_UNUSED_FUNCTION = YES;
				GCC_WARN_UNUSED_VARIABLE = YES;
				IPHONEOS_DEPLOYMENT_TARGET = 8.3;
				MTL_ENABLE_DEBUG_INFO = NO;
				SDKROOT = iphoneos;
				SWIFT_OBJC_BRIDGING_HEADER = "Mclass-Bridging-Header.h";
				TARGETED_DEVICE_FAMILY = 2;
				VALIDATE_PRODUCT = YES;
			};
			name = Release;
		};
		D9E6188C1B0F8914007AFECB /* Debug */ = {
			isa = XCBuildConfiguration;
			buildSettings = {
				ASSETCATALOG_COMPILER_APPICON_NAME = "AppIcon-2";
				ASSETCATALOG_COMPILER_LAUNCHIMAGE_NAME = LaunchImage;
				CLANG_ENABLE_MODULES = YES;
				CODE_SIGN_IDENTITY = "iPhone Developer";
				"CODE_SIGN_IDENTITY[sdk=iphoneos*]" = "iPhone Developer";
				GCC_PRECOMPILE_PREFIX_HEADER = NO;
				INFOPLIST_FILE = Mclass/Info.plist;
				LD_RUNPATH_SEARCH_PATHS = "$(inherited) @executable_path/Frameworks";
				PRODUCT_BUNDLE_IDENTIFIER = "com.CAENiOS.$(PRODUCT_NAME:rfc1034identifier)";
				PRODUCT_NAME = "$(TARGET_NAME)";
				PROVISIONING_PROFILE = "";
				SWIFT_OBJC_BRIDGING_HEADER = "Mclass-Bridging-Header.h";
				SWIFT_OPTIMIZATION_LEVEL = "-Onone";
			};
			name = Debug;
		};
		D9E6188D1B0F8914007AFECB /* Release */ = {
			isa = XCBuildConfiguration;
			buildSettings = {
				ASSETCATALOG_COMPILER_APPICON_NAME = "AppIcon-2";
				ASSETCATALOG_COMPILER_LAUNCHIMAGE_NAME = LaunchImage;
				CLANG_ENABLE_MODULES = YES;
				CODE_SIGN_IDENTITY = "iPhone Developer";
				"CODE_SIGN_IDENTITY[sdk=iphoneos*]" = "iPhone Developer";
				GCC_PRECOMPILE_PREFIX_HEADER = NO;
				INFOPLIST_FILE = Mclass/Info.plist;
				LD_RUNPATH_SEARCH_PATHS = "$(inherited) @executable_path/Frameworks";
				PRODUCT_BUNDLE_IDENTIFIER = "com.CAENiOS.$(PRODUCT_NAME:rfc1034identifier)";
				PRODUCT_NAME = "$(TARGET_NAME)";
				PROVISIONING_PROFILE = "";
				SWIFT_OBJC_BRIDGING_HEADER = "Mclass-Bridging-Header.h";
			};
			name = Release;
		};
		D9E6188F1B0F8914007AFECB /* Debug */ = {
			isa = XCBuildConfiguration;
			buildSettings = {
				BUNDLE_LOADER = "$(TEST_HOST)";
				FRAMEWORK_SEARCH_PATHS = (
					"$(SDKROOT)/Developer/Library/Frameworks",
					"$(inherited)",
				);
				GCC_PREPROCESSOR_DEFINITIONS = (
					"DEBUG=1",
					"$(inherited)",
				);
				INFOPLIST_FILE = MclassTests/Info.plist;
				LD_RUNPATH_SEARCH_PATHS = "$(inherited) @executable_path/Frameworks @loader_path/Frameworks";
				PRODUCT_BUNDLE_IDENTIFIER = "com.CAENiOS.$(PRODUCT_NAME:rfc1034identifier)";
				PRODUCT_NAME = "$(TARGET_NAME)";
				TEST_HOST = "$(BUILT_PRODUCTS_DIR)/Mclass.app/Mclass";
			};
			name = Debug;
		};
		D9E618901B0F8914007AFECB /* Release */ = {
			isa = XCBuildConfiguration;
			buildSettings = {
				BUNDLE_LOADER = "$(TEST_HOST)";
				FRAMEWORK_SEARCH_PATHS = (
					"$(SDKROOT)/Developer/Library/Frameworks",
					"$(inherited)",
				);
				INFOPLIST_FILE = MclassTests/Info.plist;
				LD_RUNPATH_SEARCH_PATHS = "$(inherited) @executable_path/Frameworks @loader_path/Frameworks";
				PRODUCT_BUNDLE_IDENTIFIER = "com.CAENiOS.$(PRODUCT_NAME:rfc1034identifier)";
				PRODUCT_NAME = "$(TARGET_NAME)";
				TEST_HOST = "$(BUILT_PRODUCTS_DIR)/Mclass.app/Mclass";
			};
			name = Release;
		};
		D9E897E11B1F88E100F421E2 /* Debug */ = {
			isa = XCBuildConfiguration;
			buildSettings = {
				ASSETCATALOG_COMPILER_APPICON_NAME = "AppIcon-2";
				CODE_SIGN_IDENTITY = "-";
				COMBINE_HIDPI_IMAGES = YES;
				DEBUG_INFORMATION_FORMAT = dwarf;
				GCC_PREPROCESSOR_DEFINITIONS = (
					"DEBUG=1",
					"$(inherited)",
				);
				INFOPLIST_FILE = "$(SRCROOT)/peertalk/Peertalk Example/Peertalk Example-Info.plist";
				LD_RUNPATH_SEARCH_PATHS = "$(inherited) @executable_path/../Frameworks";
				MACOSX_DEPLOYMENT_TARGET = 10.10;
				PRODUCT_BUNDLE_IDENTIFIER = "me.rsms.peertalk.${PRODUCT_NAME:rfc1034identifier}";
				PRODUCT_NAME = "$(TARGET_NAME)";
				SDKROOT = macosx;
			};
			name = Debug;
		};
		D9E897E21B1F88E100F421E2 /* Release */ = {
			isa = XCBuildConfiguration;
			buildSettings = {
				ASSETCATALOG_COMPILER_APPICON_NAME = "AppIcon-2";
				CODE_SIGN_IDENTITY = "-";
				COMBINE_HIDPI_IMAGES = YES;
				INFOPLIST_FILE = "$(SRCROOT)/peertalk/Peertalk Example/Peertalk Example-Info.plist";
				LD_RUNPATH_SEARCH_PATHS = "$(inherited) @executable_path/../Frameworks";
				MACOSX_DEPLOYMENT_TARGET = 10.10;
				PRODUCT_BUNDLE_IDENTIFIER = "me.rsms.peertalk.${PRODUCT_NAME:rfc1034identifier}";
				PRODUCT_NAME = "$(TARGET_NAME)";
				SDKROOT = macosx;
			};
			name = Release;
		};
/* End XCBuildConfiguration section */

/* Begin XCConfigurationList section */
		D97C695F1B28BB6500590068 /* Build configuration list for PBXNativeTarget "Mac Helper" */ = {
			isa = XCConfigurationList;
			buildConfigurations = (
				D97C695B1B28BB6500590068 /* Debug */,
				D97C695C1B28BB6500590068 /* Release */,
			);
			defaultConfigurationIsVisible = 0;
			defaultConfigurationName = Release;
		};
		D97C69601B28BB6500590068 /* Build configuration list for PBXNativeTarget "Mac HelperTests" */ = {
			isa = XCConfigurationList;
			buildConfigurations = (
				D97C695D1B28BB6500590068 /* Debug */,
				D97C695E1B28BB6500590068 /* Release */,
			);
			defaultConfigurationIsVisible = 0;
			defaultConfigurationName = Release;
		};
		D9E618671B0F8914007AFECB /* Build configuration list for PBXProject "Mclass" */ = {
			isa = XCConfigurationList;
			buildConfigurations = (
				D9E618891B0F8914007AFECB /* Debug */,
				D9E6188A1B0F8914007AFECB /* Release */,
			);
			defaultConfigurationIsVisible = 0;
			defaultConfigurationName = Release;
		};
		D9E6188B1B0F8914007AFECB /* Build configuration list for PBXNativeTarget "Mclass" */ = {
			isa = XCConfigurationList;
			buildConfigurations = (
				D9E6188C1B0F8914007AFECB /* Debug */,
				D9E6188D1B0F8914007AFECB /* Release */,
			);
			defaultConfigurationIsVisible = 0;
			defaultConfigurationName = Release;
		};
		D9E6188E1B0F8914007AFECB /* Build configuration list for PBXNativeTarget "MclassTests" */ = {
			isa = XCConfigurationList;
			buildConfigurations = (
				D9E6188F1B0F8914007AFECB /* Debug */,
				D9E618901B0F8914007AFECB /* Release */,
			);
			defaultConfigurationIsVisible = 0;
			defaultConfigurationName = Release;
		};
		D9E897E01B1F88E100F421E2 /* Build configuration list for PBXNativeTarget "PeertalkExample" */ = {
			isa = XCConfigurationList;
			buildConfigurations = (
				D9E897E11B1F88E100F421E2 /* Debug */,
				D9E897E21B1F88E100F421E2 /* Release */,
			);
			defaultConfigurationIsVisible = 0;
			defaultConfigurationName = Release;
		};
/* End XCConfigurationList section */
	};
	rootObject = D9E618641B0F8914007AFECB /* Project object */;
}
