// !$*UTF8*$!
{
	archiveVersion = 1;
	classes = {
	};
	objectVersion = 46;
	objects = {

/* Begin PBXBuildFile section */
		089D20351B0FB0CD00B0D613 /* CamView.swift in Sources */ = {isa = PBXBuildFile; fileRef = 089D20341B0FB0CD00B0D613 /* CamView.swift */; };
		9B1528741B2224C900802E68 /* CAENViewClassTest.csv in Resources */ = {isa = PBXBuildFile; fileRef = 9B1528731B2224C900802E68 /* CAENViewClassTest.csv */; };
		9B8CA9271B0FA1F200A6DD72 /* HelpTableViewController.swift in Sources */ = {isa = PBXBuildFile; fileRef = 9B8CA9261B0FA1F200A6DD72 /* HelpTableViewController.swift */; };
		9BC7CCDC1B2228F200ABFC96 /* .gitignore in Resources */ = {isa = PBXBuildFile; fileRef = 9BC7CCDB1B2228F200ABFC96 /* .gitignore */; };
		D96F78041B22297600699147 /* Help.storyboard in Resources */ = {isa = PBXBuildFile; fileRef = D9E618A31B0FD2E7007AFECB /* Help.storyboard */; };
		D96F78091B222C2200699147 /* CamView.storyboard in Resources */ = {isa = PBXBuildFile; fileRef = D96F78051B222BE500699147 /* CamView.storyboard */; };
		D96F780C1B222C3000699147 /* Main.storyboard in Resources */ = {isa = PBXBuildFile; fileRef = D96F780A1B222C3000699147 /* Main.storyboard */; };
		D96F780F1B222C4200699147 /* LaunchScreen.xib in Resources */ = {isa = PBXBuildFile; fileRef = D96F780D1B222C4200699147 /* LaunchScreen.xib */; };
		D979CB5E1B1630C7003C687A /* CAEN Logo.png in Resources */ = {isa = PBXBuildFile; fileRef = D979CB5D1B1630C7003C687A /* CAEN Logo.png */; };
		D979CB6C1B16479F003C687A /* Bar.png in Resources */ = {isa = PBXBuildFile; fileRef = D979CB6B1B16479F003C687A /* Bar.png */; };
		D9E618721B0F8914007AFECB /* AppDelegate.swift in Sources */ = {isa = PBXBuildFile; fileRef = D9E618711B0F8914007AFECB /* AppDelegate.swift */; };
		D9E618791B0F8914007AFECB /* Images.xcassets in Resources */ = {isa = PBXBuildFile; fileRef = D9E618781B0F8914007AFECB /* Images.xcassets */; };
		D9E618881B0F8914007AFECB /* MclassTests.swift in Sources */ = {isa = PBXBuildFile; fileRef = D9E618871B0F8914007AFECB /* MclassTests.swift */; };
		D9E618921B0FAFFF007AFECB /* MainTableViewController.swift in Sources */ = {isa = PBXBuildFile; fileRef = D9E618911B0FAFFF007AFECB /* MainTableViewController.swift */; };
		D9E6189D1B0FCEB4007AFECB /* MainViewController.swift in Sources */ = {isa = PBXBuildFile; fileRef = D9E6189C1B0FCEB4007AFECB /* MainViewController.swift */; };
		D9E897EE1B1F8A7F00F421E2 /* Icon-1024.psd in Resources */ = {isa = PBXBuildFile; fileRef = D9E897E61B1F8A7F00F421E2 /* Icon-1024.psd */; };
		D9E897EF1B1F8A7F00F421E2 /* Icon.icns in Resources */ = {isa = PBXBuildFile; fileRef = D9E897E71B1F8A7F00F421E2 /* Icon.icns */; };
		D9E897F01B1F8A7F00F421E2 /* main.m in Sources */ = {isa = PBXBuildFile; fileRef = D9E897E81B1F8A7F00F421E2 /* main.m */; };
		D9E897F11B1F8A7F00F421E2 /* Peertalk Example-Info.plist in Resources */ = {isa = PBXBuildFile; fileRef = D9E897E91B1F8A7F00F421E2 /* Peertalk Example-Info.plist */; };
		D9E897F21B1F8A7F00F421E2 /* PTAppDelegate.m in Sources */ = {isa = PBXBuildFile; fileRef = D9E897EC1B1F8A7F00F421E2 /* PTAppDelegate.m */; };
		D9E897F81B1F8DEF00F421E2 /* Cocoa.framework in Frameworks */ = {isa = PBXBuildFile; fileRef = D9E897F71B1F8DEF00F421E2 /* Cocoa.framework */; };
		D9E897FA1B1F8DF700F421E2 /* QuartzCore.framework in Frameworks */ = {isa = PBXBuildFile; fileRef = D9E897F91B1F8DF700F421E2 /* QuartzCore.framework */; };
		D9E897FC1B1F8F7100F421E2 /* AppKit.framework in Frameworks */ = {isa = PBXBuildFile; fileRef = D9E897FB1B1F8F7100F421E2 /* AppKit.framework */; };
		D9E897FD1B1F919900F421E2 /* PTChannel.m in Sources */ = {isa = PBXBuildFile; fileRef = D9EC82D71B1E109300E64B68 /* PTChannel.m */; };
		D9E897FE1B1F91AB00F421E2 /* PTProtocol.m in Sources */ = {isa = PBXBuildFile; fileRef = D9EC82D91B1E109300E64B68 /* PTProtocol.m */; };
		D9E897FF1B1F91AB00F421E2 /* PTUSBHub.m in Sources */ = {isa = PBXBuildFile; fileRef = D9EC82DB1B1E109300E64B68 /* PTUSBHub.m */; };
		D9E898011B1F973C00F421E2 /* MainMenu.xib in Resources */ = {isa = PBXBuildFile; fileRef = D9E898001B1F973C00F421E2 /* MainMenu.xib */; };
		D9E898061B20D18800F421E2 /* objChelper.m in Sources */ = {isa = PBXBuildFile; fileRef = D9E898051B20D18800F421E2 /* objChelper.m */; };
		D9EC82C21B14D22700E64B68 /* HelpViewController.swift in Sources */ = {isa = PBXBuildFile; fileRef = D9EC82C11B14D22700E64B68 /* HelpViewController.swift */; };
		D9EC82C61B1523B200E64B68 /* SubMainViewController.swift in Sources */ = {isa = PBXBuildFile; fileRef = D9EC82C51B1523B200E64B68 /* SubMainViewController.swift */; };
		D9EC82C81B1796D700E64B68 /* Settings.png in Resources */ = {isa = PBXBuildFile; fileRef = D9EC82C71B1796D700E64B68 /* Settings.png */; };
		D9EC82CE1B179BDE00E64B68 /* Gear.png in Resources */ = {isa = PBXBuildFile; fileRef = D9EC82CD1B179BDE00E64B68 /* Gear.png */; };
		D9EC82D01B179C7600E64B68 /* Gear2.png in Resources */ = {isa = PBXBuildFile; fileRef = D9EC82CF1B179C7600E64B68 /* Gear2.png */; };
		D9EC82D21B17B98400E64B68 /* SettingsViewController.swift in Sources */ = {isa = PBXBuildFile; fileRef = D9EC82D11B17B98400E64B68 /* SettingsViewController.swift */; };
		D9EC82DC1B1E109300E64B68 /* PTChannel.m in Sources */ = {isa = PBXBuildFile; fileRef = D9EC82D71B1E109300E64B68 /* PTChannel.m */; };
		D9EC82DD1B1E109300E64B68 /* PTProtocol.m in Sources */ = {isa = PBXBuildFile; fileRef = D9EC82D91B1E109300E64B68 /* PTProtocol.m */; };
		D9EC82DE1B1E109300E64B68 /* PTUSBHub.m in Sources */ = {isa = PBXBuildFile; fileRef = D9EC82DB1B1E109300E64B68 /* PTUSBHub.m */; };
/* End PBXBuildFile section */

/* Begin PBXContainerItemProxy section */
		D9E618821B0F8914007AFECB /* PBXContainerItemProxy */ = {
			isa = PBXContainerItemProxy;
			containerPortal = D9E618641B0F8914007AFECB /* Project object */;
			proxyType = 1;
			remoteGlobalIDString = D9E6186B1B0F8914007AFECB;
			remoteInfo = Mclass;
		};
/* End PBXContainerItemProxy section */

/* Begin PBXFileReference section */
		089D20341B0FB0CD00B0D613 /* CamView.swift */ = {isa = PBXFileReference; fileEncoding = 4; lastKnownFileType = sourcecode.swift; path = CamView.swift; sourceTree = "<group>"; };
		9B1528731B2224C900802E68 /* CAENViewClassTest.csv */ = {isa = PBXFileReference; fileEncoding = 4; lastKnownFileType = text; path = CAENViewClassTest.csv; sourceTree = SOURCE_ROOT; };
		9B8CA9261B0FA1F200A6DD72 /* HelpTableViewController.swift */ = {isa = PBXFileReference; fileEncoding = 4; lastKnownFileType = sourcecode.swift; path = HelpTableViewController.swift; sourceTree = "<group>"; };
		9BC7CCDB1B2228F200ABFC96 /* .gitignore */ = {isa = PBXFileReference; fileEncoding = 4; lastKnownFileType = text; path = .gitignore; sourceTree = "<group>"; };
		D96F78051B222BE500699147 /* CamView.storyboard */ = {isa = PBXFileReference; lastKnownFileType = file.storyboard; path = CamView.storyboard; sourceTree = "<group>"; };
		D96F780B1B222C3000699147 /* Base */ = {isa = PBXFileReference; lastKnownFileType = file.storyboard; name = Base; path = Mclass/Base.lproj/Main.storyboard; sourceTree = "<group>"; };
		D96F780E1B222C4200699147 /* Base */ = {isa = PBXFileReference; lastKnownFileType = file.xib; name = Base; path = Mclass/Base.lproj/LaunchScreen.xib; sourceTree = "<group>"; };
		D979CB5D1B1630C7003C687A /* CAEN Logo.png */ = {isa = PBXFileReference; lastKnownFileType = image.png; path = "CAEN Logo.png"; sourceTree = SOURCE_ROOT; };
		D979CB6B1B16479F003C687A /* Bar.png */ = {isa = PBXFileReference; lastKnownFileType = image.png; path = Bar.png; sourceTree = "<group>"; };
		D9E6186C1B0F8914007AFECB /* Mclass.app */ = {isa = PBXFileReference; explicitFileType = wrapper.application; includeInIndex = 0; path = Mclass.app; sourceTree = BUILT_PRODUCTS_DIR; };
		D9E618701B0F8914007AFECB /* Info.plist */ = {isa = PBXFileReference; lastKnownFileType = text.plist.xml; path = Info.plist; sourceTree = "<group>"; };
		D9E618711B0F8914007AFECB /* AppDelegate.swift */ = {isa = PBXFileReference; lastKnownFileType = sourcecode.swift; path = AppDelegate.swift; sourceTree = "<group>"; };
		D9E618781B0F8914007AFECB /* Images.xcassets */ = {isa = PBXFileReference; lastKnownFileType = folder.assetcatalog; path = Images.xcassets; sourceTree = "<group>"; };
		D9E618811B0F8914007AFECB /* MclassTests.xctest */ = {isa = PBXFileReference; explicitFileType = wrapper.cfbundle; includeInIndex = 0; path = MclassTests.xctest; sourceTree = BUILT_PRODUCTS_DIR; };
		D9E618861B0F8914007AFECB /* Info.plist */ = {isa = PBXFileReference; lastKnownFileType = text.plist.xml; path = Info.plist; sourceTree = "<group>"; };
		D9E618871B0F8914007AFECB /* MclassTests.swift */ = {isa = PBXFileReference; lastKnownFileType = sourcecode.swift; path = MclassTests.swift; sourceTree = "<group>"; };
		D9E618911B0FAFFF007AFECB /* MainTableViewController.swift */ = {isa = PBXFileReference; fileEncoding = 4; lastKnownFileType = sourcecode.swift; path = MainTableViewController.swift; sourceTree = "<group>"; };
		D9E6189C1B0FCEB4007AFECB /* MainViewController.swift */ = {isa = PBXFileReference; fileEncoding = 4; lastKnownFileType = sourcecode.swift; path = MainViewController.swift; sourceTree = "<group>"; };
		D9E618A31B0FD2E7007AFECB /* Help.storyboard */ = {isa = PBXFileReference; fileEncoding = 4; lastKnownFileType = file.storyboard; path = Help.storyboard; sourceTree = "<group>"; };
		D9E897C61B1F88E000F421E2 /* PeertalkExample.app */ = {isa = PBXFileReference; explicitFileType = wrapper.application; includeInIndex = 0; path = PeertalkExample.app; sourceTree = BUILT_PRODUCTS_DIR; };
		D9E897E61B1F8A7F00F421E2 /* Icon-1024.psd */ = {isa = PBXFileReference; lastKnownFileType = file; name = "Icon-1024.psd"; path = "peertalk/Peertalk Example/Icon-1024.psd"; sourceTree = "<group>"; };
		D9E897E71B1F8A7F00F421E2 /* Icon.icns */ = {isa = PBXFileReference; lastKnownFileType = image.icns; name = Icon.icns; path = "peertalk/Peertalk Example/Icon.icns"; sourceTree = "<group>"; };
		D9E897E81B1F8A7F00F421E2 /* main.m */ = {isa = PBXFileReference; fileEncoding = 4; lastKnownFileType = sourcecode.c.objc; name = main.m; path = "peertalk/Peertalk Example/main.m"; sourceTree = "<group>"; };
		D9E897E91B1F8A7F00F421E2 /* Peertalk Example-Info.plist */ = {isa = PBXFileReference; fileEncoding = 4; lastKnownFileType = text.plist.xml; name = "Peertalk Example-Info.plist"; path = "peertalk/Peertalk Example/Peertalk Example-Info.plist"; sourceTree = "<group>"; };
		D9E897EA1B1F8A7F00F421E2 /* Peertalk Example-Prefix.pch */ = {isa = PBXFileReference; fileEncoding = 4; lastKnownFileType = sourcecode.c.h; name = "Peertalk Example-Prefix.pch"; path = "peertalk/Peertalk Example/Peertalk Example-Prefix.pch"; sourceTree = "<group>"; };
		D9E897EB1B1F8A7F00F421E2 /* PTAppDelegate.h */ = {isa = PBXFileReference; fileEncoding = 4; lastKnownFileType = sourcecode.c.h; name = PTAppDelegate.h; path = "peertalk/Peertalk Example/PTAppDelegate.h"; sourceTree = "<group>"; };
		D9E897EC1B1F8A7F00F421E2 /* PTAppDelegate.m */ = {isa = PBXFileReference; fileEncoding = 4; lastKnownFileType = sourcecode.c.objc; name = PTAppDelegate.m; path = "peertalk/Peertalk Example/PTAppDelegate.m"; sourceTree = "<group>"; };
		D9E897ED1B1F8A7F00F421E2 /* PTExampleProtocol.h */ = {isa = PBXFileReference; fileEncoding = 4; lastKnownFileType = sourcecode.c.h; name = PTExampleProtocol.h; path = "peertalk/Peertalk Example/PTExampleProtocol.h"; sourceTree = "<group>"; };
		D9E897F71B1F8DEF00F421E2 /* Cocoa.framework */ = {isa = PBXFileReference; lastKnownFileType = wrapper.framework; name = Cocoa.framework; path = Platforms/MacOSX.platform/Developer/SDKs/MacOSX10.10.sdk/System/Library/Frameworks/Cocoa.framework; sourceTree = DEVELOPER_DIR; };
		D9E897F91B1F8DF700F421E2 /* QuartzCore.framework */ = {isa = PBXFileReference; lastKnownFileType = wrapper.framework; name = QuartzCore.framework; path = Platforms/MacOSX.platform/Developer/SDKs/MacOSX10.10.sdk/System/Library/Frameworks/QuartzCore.framework; sourceTree = DEVELOPER_DIR; };
		D9E897FB1B1F8F7100F421E2 /* AppKit.framework */ = {isa = PBXFileReference; lastKnownFileType = wrapper.framework; name = AppKit.framework; path = Platforms/MacOSX.platform/Developer/SDKs/MacOSX10.10.sdk/System/Library/Frameworks/AppKit.framework; sourceTree = DEVELOPER_DIR; };
		D9E898001B1F973C00F421E2 /* MainMenu.xib */ = {isa = PBXFileReference; fileEncoding = 4; lastKnownFileType = file.xib; name = MainMenu.xib; path = "peertalk/Peertalk Example/en.lproj/MainMenu.xib"; sourceTree = "<group>"; };
		D9E898051B20D18800F421E2 /* objChelper.m */ = {isa = PBXFileReference; fileEncoding = 4; lastKnownFileType = sourcecode.c.objc; name = objChelper.m; path = Mclass/objChelper.m; sourceTree = "<group>"; };
		D9E898071B20D1C100F421E2 /* objChelper.h */ = {isa = PBXFileReference; lastKnownFileType = sourcecode.c.h; name = objChelper.h; path = Mclass/objChelper.h; sourceTree = "<group>"; };
		D9EC82C11B14D22700E64B68 /* HelpViewController.swift */ = {isa = PBXFileReference; fileEncoding = 4; lastKnownFileType = sourcecode.swift; path = HelpViewController.swift; sourceTree = "<group>"; };
		D9EC82C51B1523B200E64B68 /* SubMainViewController.swift */ = {isa = PBXFileReference; fileEncoding = 4; lastKnownFileType = sourcecode.swift; path = SubMainViewController.swift; sourceTree = "<group>"; };
		D9EC82C71B1796D700E64B68 /* Settings.png */ = {isa = PBXFileReference; lastKnownFileType = image.png; path = Settings.png; sourceTree = "<group>"; };
		D9EC82CD1B179BDE00E64B68 /* Gear.png */ = {isa = PBXFileReference; lastKnownFileType = image.png; path = Gear.png; sourceTree = "<group>"; };
		D9EC82CF1B179C7600E64B68 /* Gear2.png */ = {isa = PBXFileReference; lastKnownFileType = image.png; path = Gear2.png; sourceTree = "<group>"; };
		D9EC82D11B17B98400E64B68 /* SettingsViewController.swift */ = {isa = PBXFileReference; fileEncoding = 4; lastKnownFileType = sourcecode.swift; path = SettingsViewController.swift; sourceTree = "<group>"; };
		D9EC82D31B1E109200E64B68 /* Mclass-Bridging-Header.h */ = {isa = PBXFileReference; lastKnownFileType = sourcecode.c.h; path = "Mclass-Bridging-Header.h"; sourceTree = "<group>"; };
		D9EC82D41B1E109300E64B68 /* prefix.pch */ = {isa = PBXFileReference; fileEncoding = 4; lastKnownFileType = sourcecode.c.h; name = prefix.pch; path = peertalk/peertalk/prefix.pch; sourceTree = "<group>"; };
		D9EC82D51B1E109300E64B68 /* PTPrivate.h */ = {isa = PBXFileReference; fileEncoding = 4; lastKnownFileType = sourcecode.c.h; name = PTPrivate.h; path = peertalk/peertalk/PTPrivate.h; sourceTree = "<group>"; };
		D9EC82D61B1E109300E64B68 /* PTChannel.h */ = {isa = PBXFileReference; fileEncoding = 4; lastKnownFileType = sourcecode.c.h; name = PTChannel.h; path = peertalk/peertalk/PTChannel.h; sourceTree = "<group>"; };
		D9EC82D71B1E109300E64B68 /* PTChannel.m */ = {isa = PBXFileReference; fileEncoding = 4; lastKnownFileType = sourcecode.c.objc; name = PTChannel.m; path = peertalk/peertalk/PTChannel.m; sourceTree = "<group>"; };
		D9EC82D81B1E109300E64B68 /* PTProtocol.h */ = {isa = PBXFileReference; fileEncoding = 4; lastKnownFileType = sourcecode.c.h; name = PTProtocol.h; path = peertalk/peertalk/PTProtocol.h; sourceTree = "<group>"; };
		D9EC82D91B1E109300E64B68 /* PTProtocol.m */ = {isa = PBXFileReference; fileEncoding = 4; lastKnownFileType = sourcecode.c.objc; name = PTProtocol.m; path = peertalk/peertalk/PTProtocol.m; sourceTree = "<group>"; };
		D9EC82DA1B1E109300E64B68 /* PTUSBHub.h */ = {isa = PBXFileReference; fileEncoding = 4; lastKnownFileType = sourcecode.c.h; name = PTUSBHub.h; path = peertalk/peertalk/PTUSBHub.h; sourceTree = "<group>"; };
		D9EC82DB1B1E109300E64B68 /* PTUSBHub.m */ = {isa = PBXFileReference; fileEncoding = 4; lastKnownFileType = sourcecode.c.objc; name = PTUSBHub.m; path = peertalk/peertalk/PTUSBHub.m; sourceTree = "<group>"; };
/* End PBXFileReference section */

/* Begin PBXFrameworksBuildPhase section */
		D9E618691B0F8914007AFECB /* Frameworks */ = {
			isa = PBXFrameworksBuildPhase;
			buildActionMask = 2147483647;
			files = (
			);
			runOnlyForDeploymentPostprocessing = 0;
		};
		D9E6187E1B0F8914007AFECB /* Frameworks */ = {
			isa = PBXFrameworksBuildPhase;
			buildActionMask = 2147483647;
			files = (
			);
			runOnlyForDeploymentPostprocessing = 0;
		};
		D9E897C31B1F88E000F421E2 /* Frameworks */ = {
			isa = PBXFrameworksBuildPhase;
			buildActionMask = 2147483647;
			files = (
				D9E897FC1B1F8F7100F421E2 /* AppKit.framework in Frameworks */,
				D9E897FA1B1F8DF700F421E2 /* QuartzCore.framework in Frameworks */,
				D9E897F81B1F8DEF00F421E2 /* Cocoa.framework in Frameworks */,
			);
			runOnlyForDeploymentPostprocessing = 0;
		};
/* End PBXFrameworksBuildPhase section */

/* Begin PBXGroup section */
		D9E618631B0F8914007AFECB = {
			isa = PBXGroup;
			children = (
				D9E6186E1B0F8914007AFECB /* Mclass */,
				D9E618841B0F8914007AFECB /* MclassTests */,
				D9E6186D1B0F8914007AFECB /* Products */,
				D9EC82DF1B1E10B200E64B68 /* Peertalk */,
			);
			sourceTree = "<group>";
		};
		D9E6186D1B0F8914007AFECB /* Products */ = {
			isa = PBXGroup;
			children = (
				D9E6186C1B0F8914007AFECB /* Mclass.app */,
				D9E618811B0F8914007AFECB /* MclassTests.xctest */,
				D9E897C61B1F88E000F421E2 /* PeertalkExample.app */,
			);
			name = Products;
			sourceTree = "<group>";
		};
		D9E6186E1B0F8914007AFECB /* Mclass */ = {
			isa = PBXGroup;
			children = (
				9B1528731B2224C900802E68 /* CAENViewClassTest.csv */,
				9BC7CCDB1B2228F200ABFC96 /* .gitignore */,
				D9E618711B0F8914007AFECB /* AppDelegate.swift */,
				D9E6189E1B0FCEF7007AFECB /* Main */,
				D9E6189F1B0FCF05007AFECB /* Camview */,
				D9E618A01B0FCF0E007AFECB /* Help */,
				D9E618781B0F8914007AFECB /* Images.xcassets */,
				D96F780D1B222C4200699147 /* LaunchScreen.xib */,
				D9E6186F1B0F8914007AFECB /* Supporting Files */,
			);
			path = Mclass;
			sourceTree = "<group>";
		};
		D9E6186F1B0F8914007AFECB /* Supporting Files */ = {
			isa = PBXGroup;
			children = (
				D9E897FB1B1F8F7100F421E2 /* AppKit.framework */,
				D9E897F91B1F8DF700F421E2 /* QuartzCore.framework */,
				D9E897F71B1F8DEF00F421E2 /* Cocoa.framework */,
				D9EC82CD1B179BDE00E64B68 /* Gear.png */,
				D9EC82CF1B179C7600E64B68 /* Gear2.png */,
				D9EC82C71B1796D700E64B68 /* Settings.png */,
				D979CB6B1B16479F003C687A /* Bar.png */,
				D979CB5D1B1630C7003C687A /* CAEN Logo.png */,
				D9E618701B0F8914007AFECB /* Info.plist */,
			);
			name = "Supporting Files";
			sourceTree = "<group>";
		};
		D9E618841B0F8914007AFECB /* MclassTests */ = {
			isa = PBXGroup;
			children = (
				D9E618871B0F8914007AFECB /* MclassTests.swift */,
				D9E618851B0F8914007AFECB /* Supporting Files */,
			);
			path = MclassTests;
			sourceTree = "<group>";
		};
		D9E618851B0F8914007AFECB /* Supporting Files */ = {
			isa = PBXGroup;
			children = (
				D9E618861B0F8914007AFECB /* Info.plist */,
			);
			name = "Supporting Files";
			sourceTree = "<group>";
		};
		D9E6189E1B0FCEF7007AFECB /* Main */ = {
			isa = PBXGroup;
			children = (
				D96F780A1B222C3000699147 /* Main.storyboard */,
				D9E6189C1B0FCEB4007AFECB /* MainViewController.swift */,
				D9EC82C51B1523B200E64B68 /* SubMainViewController.swift */,
				D9EC82D11B17B98400E64B68 /* SettingsViewController.swift */,
				D9E618911B0FAFFF007AFECB /* MainTableViewController.swift */,
			);
			name = Main;
			sourceTree = "<group>";
		};
		D9E6189F1B0FCF05007AFECB /* Camview */ = {
			isa = PBXGroup;
			children = (
				D96F78051B222BE500699147 /* CamView.storyboard */,
				089D20341B0FB0CD00B0D613 /* CamView.swift */,
			);
			name = Camview;
			sourceTree = "<group>";
		};
		D9E618A01B0FCF0E007AFECB /* Help */ = {
			isa = PBXGroup;
			children = (
				D9E618A31B0FD2E7007AFECB /* Help.storyboard */,
				9B8CA9261B0FA1F200A6DD72 /* HelpTableViewController.swift */,
				D9EC82C11B14D22700E64B68 /* HelpViewController.swift */,
			);
			name = Help;
			sourceTree = "<group>";
		};
		D9E898081B20E38B00F421E2 /* iOS */ = {
			isa = PBXGroup;
			children = (
				D9E898051B20D18800F421E2 /* objChelper.m */,
				D9E898071B20D1C100F421E2 /* objChelper.h */,
			);
			name = iOS;
			sourceTree = "<group>";
		};
		D9EC82DF1B1E10B200E64B68 /* Peertalk */ = {
			isa = PBXGroup;
			children = (
				D9E898081B20E38B00F421E2 /* iOS */,
				D9EC82E11B1E117900E64B68 /* OS X */,
				D9EC82D31B1E109200E64B68 /* Mclass-Bridging-Header.h */,
				D9EC82D41B1E109300E64B68 /* prefix.pch */,
				D9EC82D51B1E109300E64B68 /* PTPrivate.h */,
				D9EC82D61B1E109300E64B68 /* PTChannel.h */,
				D9EC82D71B1E109300E64B68 /* PTChannel.m */,
				D9EC82D81B1E109300E64B68 /* PTProtocol.h */,
				D9EC82D91B1E109300E64B68 /* PTProtocol.m */,
				D9EC82DA1B1E109300E64B68 /* PTUSBHub.h */,
				D9EC82DB1B1E109300E64B68 /* PTUSBHub.m */,
			);
			name = Peertalk;
			sourceTree = "<group>";
		};
		D9EC82E11B1E117900E64B68 /* OS X */ = {
			isa = PBXGroup;
			children = (
				D9E897E61B1F8A7F00F421E2 /* Icon-1024.psd */,
				D9E897E71B1F8A7F00F421E2 /* Icon.icns */,
				D9E897E81B1F8A7F00F421E2 /* main.m */,
				D9E897E91B1F8A7F00F421E2 /* Peertalk Example-Info.plist */,
				D9E897EA1B1F8A7F00F421E2 /* Peertalk Example-Prefix.pch */,
				D9E897EB1B1F8A7F00F421E2 /* PTAppDelegate.h */,
				D9E897EC1B1F8A7F00F421E2 /* PTAppDelegate.m */,
				D9E897ED1B1F8A7F00F421E2 /* PTExampleProtocol.h */,
				D9E898001B1F973C00F421E2 /* MainMenu.xib */,
			);
			name = "OS X";
			sourceTree = "<group>";
		};
/* End PBXGroup section */

/* Begin PBXNativeTarget section */
		D9E6186B1B0F8914007AFECB /* Mclass */ = {
			isa = PBXNativeTarget;
			buildConfigurationList = D9E6188B1B0F8914007AFECB /* Build configuration list for PBXNativeTarget "Mclass" */;
			buildPhases = (
				D9E618681B0F8914007AFECB /* Sources */,
				D9E618691B0F8914007AFECB /* Frameworks */,
				D9E6186A1B0F8914007AFECB /* Resources */,
			);
			buildRules = (
			);
			dependencies = (
			);
			name = Mclass;
			productName = Mclass;
			productReference = D9E6186C1B0F8914007AFECB /* Mclass.app */;
			productType = "com.apple.product-type.application";
		};
		D9E618801B0F8914007AFECB /* MclassTests */ = {
			isa = PBXNativeTarget;
			buildConfigurationList = D9E6188E1B0F8914007AFECB /* Build configuration list for PBXNativeTarget "MclassTests" */;
			buildPhases = (
				D9E6187D1B0F8914007AFECB /* Sources */,
				D9E6187E1B0F8914007AFECB /* Frameworks */,
				D9E6187F1B0F8914007AFECB /* Resources */,
			);
			buildRules = (
			);
			dependencies = (
				D9E618831B0F8914007AFECB /* PBXTargetDependency */,
			);
			name = MclassTests;
			productName = MclassTests;
			productReference = D9E618811B0F8914007AFECB /* MclassTests.xctest */;
			productType = "com.apple.product-type.bundle.unit-test";
		};
		D9E897C51B1F88E000F421E2 /* PeertalkExample */ = {
			isa = PBXNativeTarget;
			buildConfigurationList = D9E897E01B1F88E100F421E2 /* Build configuration list for PBXNativeTarget "PeertalkExample" */;
			buildPhases = (
				D9E897C21B1F88E000F421E2 /* Sources */,
				D9E897C31B1F88E000F421E2 /* Frameworks */,
				D9E897C41B1F88E000F421E2 /* Resources */,
			);
			buildRules = (
			);
			dependencies = (
			);
			name = PeertalkExample;
			productName = PeertalkExample;
			productReference = D9E897C61B1F88E000F421E2 /* PeertalkExample.app */;
			productType = "com.apple.product-type.application";
		};
/* End PBXNativeTarget section */

/* Begin PBXProject section */
		D9E618641B0F8914007AFECB /* Project object */ = {
			isa = PBXProject;
			attributes = {
				LastUpgradeCheck = 0630;
				ORGANIZATIONNAME = CAENiOS;
				TargetAttributes = {
					D9E6186B1B0F8914007AFECB = {
						CreatedOnToolsVersion = 6.3.2;
						DevelopmentTeam = D9GZK3CLYY;
					};
					D9E618801B0F8914007AFECB = {
						CreatedOnToolsVersion = 6.3.2;
						TestTargetID = D9E6186B1B0F8914007AFECB;
					};
					D9E897C51B1F88E000F421E2 = {
						CreatedOnToolsVersion = 6.3.2;
					};
				};
			};
			buildConfigurationList = D9E618671B0F8914007AFECB /* Build configuration list for PBXProject "Mclass" */;
			compatibilityVersion = "Xcode 3.2";
			developmentRegion = English;
			hasScannedForEncodings = 0;
			knownRegions = (
				en,
				Base,
			);
			mainGroup = D9E618631B0F8914007AFECB;
			productRefGroup = D9E6186D1B0F8914007AFECB /* Products */;
			projectDirPath = "";
			projectRoot = "";
			targets = (
				D9E6186B1B0F8914007AFECB /* Mclass */,
				D9E618801B0F8914007AFECB /* MclassTests */,
				D9E897C51B1F88E000F421E2 /* PeertalkExample */,
			);
		};
/* End PBXProject section */

/* Begin PBXResourcesBuildPhase section */
		D9E6186A1B0F8914007AFECB /* Resources */ = {
			isa = PBXResourcesBuildPhase;
			buildActionMask = 2147483647;
			files = (
				D96F780F1B222C4200699147 /* LaunchScreen.xib in Resources */,
				D96F780C1B222C3000699147 /* Main.storyboard in Resources */,
				D96F78091B222C2200699147 /* CamView.storyboard in Resources */,
				9BC7CCDC1B2228F200ABFC96 /* .gitignore in Resources */,
				D96F78041B22297600699147 /* Help.storyboard in Resources */,
				D9E618791B0F8914007AFECB /* Images.xcassets in Resources */,
				D9EC82D01B179C7600E64B68 /* Gear2.png in Resources */,
				9B1528741B2224C900802E68 /* CAENViewClassTest.csv in Resources */,
				D979CB5E1B1630C7003C687A /* CAEN Logo.png in Resources */,
				D9EC82C81B1796D700E64B68 /* Settings.png in Resources */,
				D979CB6C1B16479F003C687A /* Bar.png in Resources */,
				D9EC82CE1B179BDE00E64B68 /* Gear.png in Resources */,
			);
			runOnlyForDeploymentPostprocessing = 0;
		};
		D9E6187F1B0F8914007AFECB /* Resources */ = {
			isa = PBXResourcesBuildPhase;
			buildActionMask = 2147483647;
			files = (
			);
			runOnlyForDeploymentPostprocessing = 0;
		};
		D9E897C41B1F88E000F421E2 /* Resources */ = {
			isa = PBXResourcesBuildPhase;
			buildActionMask = 2147483647;
			files = (
				D9E897EE1B1F8A7F00F421E2 /* Icon-1024.psd in Resources */,
				D9E897F11B1F8A7F00F421E2 /* Peertalk Example-Info.plist in Resources */,
				D9E897EF1B1F8A7F00F421E2 /* Icon.icns in Resources */,
				D9E898011B1F973C00F421E2 /* MainMenu.xib in Resources */,
			);
			runOnlyForDeploymentPostprocessing = 0;
		};
/* End PBXResourcesBuildPhase section */

/* Begin PBXSourcesBuildPhase section */
		D9E618681B0F8914007AFECB /* Sources */ = {
			isa = PBXSourcesBuildPhase;
			buildActionMask = 2147483647;
			files = (
				D9E618921B0FAFFF007AFECB /* MainTableViewController.swift in Sources */,
				D9E898061B20D18800F421E2 /* objChelper.m in Sources */,
				D9EC82C61B1523B200E64B68 /* SubMainViewController.swift in Sources */,
				D9EC82C21B14D22700E64B68 /* HelpViewController.swift in Sources */,
				D9EC82DE1B1E109300E64B68 /* PTUSBHub.m in Sources */,
				9B8CA9271B0FA1F200A6DD72 /* HelpTableViewController.swift in Sources */,
				D9EC82DC1B1E109300E64B68 /* PTChannel.m in Sources */,
				089D20351B0FB0CD00B0D613 /* CamView.swift in Sources */,
				D9E618721B0F8914007AFECB /* AppDelegate.swift in Sources */,
				D9E6189D1B0FCEB4007AFECB /* MainViewController.swift in Sources */,
				D9EC82D21B17B98400E64B68 /* SettingsViewController.swift in Sources */,
				D9EC82DD1B1E109300E64B68 /* PTProtocol.m in Sources */,
			);
			runOnlyForDeploymentPostprocessing = 0;
		};
		D9E6187D1B0F8914007AFECB /* Sources */ = {
			isa = PBXSourcesBuildPhase;
			buildActionMask = 2147483647;
			files = (
				D9E618881B0F8914007AFECB /* MclassTests.swift in Sources */,
			);
			runOnlyForDeploymentPostprocessing = 0;
		};
		D9E897C21B1F88E000F421E2 /* Sources */ = {
			isa = PBXSourcesBuildPhase;
			buildActionMask = 2147483647;
			files = (
				D9E897FE1B1F91AB00F421E2 /* PTProtocol.m in Sources */,
				D9E897FF1B1F91AB00F421E2 /* PTUSBHub.m in Sources */,
				D9E897FD1B1F919900F421E2 /* PTChannel.m in Sources */,
				D9E897F21B1F8A7F00F421E2 /* PTAppDelegate.m in Sources */,
				D9E897F01B1F8A7F00F421E2 /* main.m in Sources */,
			);
			runOnlyForDeploymentPostprocessing = 0;
		};
/* End PBXSourcesBuildPhase section */

/* Begin PBXTargetDependency section */
		D9E618831B0F8914007AFECB /* PBXTargetDependency */ = {
			isa = PBXTargetDependency;
			target = D9E6186B1B0F8914007AFECB /* Mclass */;
			targetProxy = D9E618821B0F8914007AFECB /* PBXContainerItemProxy */;
		};
/* End PBXTargetDependency section */

/* Begin PBXVariantGroup section */
		D96F780A1B222C3000699147 /* Main.storyboard */ = {
			isa = PBXVariantGroup;
			children = (
				D96F780B1B222C3000699147 /* Base */,
			);
			name = Main.storyboard;
			path = ..;
			sourceTree = "<group>";
		};
		D96F780D1B222C4200699147 /* LaunchScreen.xib */ = {
			isa = PBXVariantGroup;
			children = (
				D96F780E1B222C4200699147 /* Base */,
			);
			name = LaunchScreen.xib;
			path = ..;
			sourceTree = "<group>";
		};
/* End PBXVariantGroup section */

/* Begin XCBuildConfiguration section */
		D9E618891B0F8914007AFECB /* Debug */ = {
			isa = XCBuildConfiguration;
			buildSettings = {
				ALWAYS_SEARCH_USER_PATHS = NO;
				CLANG_CXX_LANGUAGE_STANDARD = "gnu++0x";
				CLANG_CXX_LIBRARY = "libc++";
				CLANG_ENABLE_MODULES = YES;
				CLANG_ENABLE_OBJC_ARC = YES;
				CLANG_WARN_BOOL_CONVERSION = YES;
				CLANG_WARN_CONSTANT_CONVERSION = YES;
				CLANG_WARN_DIRECT_OBJC_ISA_USAGE = YES_ERROR;
				CLANG_WARN_EMPTY_BODY = YES;
				CLANG_WARN_ENUM_CONVERSION = YES;
				CLANG_WARN_INT_CONVERSION = YES;
				CLANG_WARN_OBJC_ROOT_CLASS = YES_ERROR;
				CLANG_WARN_UNREACHABLE_CODE = YES;
				CLANG_WARN__DUPLICATE_METHOD_MATCH = YES;
				"CODE_SIGN_IDENTITY[sdk=iphoneos*]" = "iPhone Developer";
				COPY_PHASE_STRIP = NO;
				DEBUG_INFORMATION_FORMAT = "dwarf-with-dsym";
				ENABLE_STRICT_OBJC_MSGSEND = YES;
				GCC_C_LANGUAGE_STANDARD = gnu99;
				GCC_DYNAMIC_NO_PIC = NO;
				GCC_NO_COMMON_BLOCKS = YES;
				GCC_OPTIMIZATION_LEVEL = 0;
				GCC_PREPROCESSOR_DEFINITIONS = (
					"DEBUG=1",
					"$(inherited)",
				);
				GCC_SYMBOLS_PRIVATE_EXTERN = NO;
				GCC_WARN_64_TO_32_BIT_CONVERSION = YES;
				GCC_WARN_ABOUT_RETURN_TYPE = YES_ERROR;
				GCC_WARN_UNDECLARED_SELECTOR = YES;
				GCC_WARN_UNINITIALIZED_AUTOS = YES_AGGRESSIVE;
				GCC_WARN_UNUSED_FUNCTION = YES;
				GCC_WARN_UNUSED_VARIABLE = YES;
				IPHONEOS_DEPLOYMENT_TARGET = 8.3;
				MTL_ENABLE_DEBUG_INFO = YES;
				ONLY_ACTIVE_ARCH = YES;
				SDKROOT = iphoneos;
				SWIFT_OPTIMIZATION_LEVEL = "-Onone";
				TARGETED_DEVICE_FAMILY = 2;
			};
			name = Debug;
		};
		D9E6188A1B0F8914007AFECB /* Release */ = {
			isa = XCBuildConfiguration;
			buildSettings = {
				ALWAYS_SEARCH_USER_PATHS = NO;
				CLANG_CXX_LANGUAGE_STANDARD = "gnu++0x";
				CLANG_CXX_LIBRARY = "libc++";
				CLANG_ENABLE_MODULES = YES;
				CLANG_ENABLE_OBJC_ARC = YES;
				CLANG_WARN_BOOL_CONVERSION = YES;
				CLANG_WARN_CONSTANT_CONVERSION = YES;
				CLANG_WARN_DIRECT_OBJC_ISA_USAGE = YES_ERROR;
				CLANG_WARN_EMPTY_BODY = YES;
				CLANG_WARN_ENUM_CONVERSION = YES;
				CLANG_WARN_INT_CONVERSION = YES;
				CLANG_WARN_OBJC_ROOT_CLASS = YES_ERROR;
				CLANG_WARN_UNREACHABLE_CODE = YES;
				CLANG_WARN__DUPLICATE_METHOD_MATCH = YES;
				"CODE_SIGN_IDENTITY[sdk=iphoneos*]" = "iPhone Developer";
				COPY_PHASE_STRIP = NO;
				DEBUG_INFORMATION_FORMAT = "dwarf-with-dsym";
				ENABLE_NS_ASSERTIONS = NO;
				ENABLE_STRICT_OBJC_MSGSEND = YES;
				GCC_C_LANGUAGE_STANDARD = gnu99;
				GCC_NO_COMMON_BLOCKS = YES;
				GCC_WARN_64_TO_32_BIT_CONVERSION = YES;
				GCC_WARN_ABOUT_RETURN_TYPE = YES_ERROR;
				GCC_WARN_UNDECLARED_SELECTOR = YES;
				GCC_WARN_UNINITIALIZED_AUTOS = YES_AGGRESSIVE;
				GCC_WARN_UNUSED_FUNCTION = YES;
				GCC_WARN_UNUSED_VARIABLE = YES;
				IPHONEOS_DEPLOYMENT_TARGET = 8.3;
				MTL_ENABLE_DEBUG_INFO = NO;
				SDKROOT = iphoneos;
				TARGETED_DEVICE_FAMILY = 2;
				VALIDATE_PRODUCT = YES;
			};
			name = Release;
		};
		D9E6188C1B0F8914007AFECB /* Debug */ = {
			isa = XCBuildConfiguration;
			buildSettings = {
				ASSETCATALOG_COMPILER_APPICON_NAME = "AppIcon-2";
				ASSETCATALOG_COMPILER_LAUNCHIMAGE_NAME = LaunchImage;
				CLANG_ENABLE_MODULES = YES;
				CODE_SIGN_IDENTITY = "iPhone Developer";
				"CODE_SIGN_IDENTITY[sdk=iphoneos*]" = "iPhone Developer";
				GCC_PRECOMPILE_PREFIX_HEADER = NO;
				INFOPLIST_FILE = Mclass/Info.plist;
				LD_RUNPATH_SEARCH_PATHS = "$(inherited) @executable_path/Frameworks";
				PRODUCT_NAME = "$(TARGET_NAME)";
				PROVISIONING_PROFILE = "";
				SWIFT_OBJC_BRIDGING_HEADER = "Mclass-Bridging-Header.h";
				SWIFT_OPTIMIZATION_LEVEL = "-Onone";
			};
			name = Debug;
		};
		D9E6188D1B0F8914007AFECB /* Release */ = {
			isa = XCBuildConfiguration;
			buildSettings = {
				ASSETCATALOG_COMPILER_APPICON_NAME = "AppIcon-2";
				ASSETCATALOG_COMPILER_LAUNCHIMAGE_NAME = LaunchImage;
				CLANG_ENABLE_MODULES = YES;
				CODE_SIGN_IDENTITY = "iPhone Developer";
				"CODE_SIGN_IDENTITY[sdk=iphoneos*]" = "iPhone Developer";
				GCC_PRECOMPILE_PREFIX_HEADER = NO;
				INFOPLIST_FILE = Mclass/Info.plist;
				LD_RUNPATH_SEARCH_PATHS = "$(inherited) @executable_path/Frameworks";
				PRODUCT_NAME = "$(TARGET_NAME)";
				PROVISIONING_PROFILE = "";
				SWIFT_OBJC_BRIDGING_HEADER = "Mclass-Bridging-Header.h";
			};
			name = Release;
		};
		D9E6188F1B0F8914007AFECB /* Debug */ = {
			isa = XCBuildConfiguration;
			buildSettings = {
				BUNDLE_LOADER = "$(TEST_HOST)";
				FRAMEWORK_SEARCH_PATHS = (
					"$(SDKROOT)/Developer/Library/Frameworks",
					"$(inherited)",
				);
				GCC_PREPROCESSOR_DEFINITIONS = (
					"DEBUG=1",
					"$(inherited)",
				);
				INFOPLIST_FILE = MclassTests/Info.plist;
				LD_RUNPATH_SEARCH_PATHS = "$(inherited) @executable_path/Frameworks @loader_path/Frameworks";
				PRODUCT_NAME = "$(TARGET_NAME)";
				TEST_HOST = "$(BUILT_PRODUCTS_DIR)/Mclass.app/Mclass";
			};
			name = Debug;
		};
		D9E618901B0F8914007AFECB /* Release */ = {
			isa = XCBuildConfiguration;
			buildSettings = {
				BUNDLE_LOADER = "$(TEST_HOST)";
				FRAMEWORK_SEARCH_PATHS = (
					"$(SDKROOT)/Developer/Library/Frameworks",
					"$(inherited)",
				);
				INFOPLIST_FILE = MclassTests/Info.plist;
				LD_RUNPATH_SEARCH_PATHS = "$(inherited) @executable_path/Frameworks @loader_path/Frameworks";
				PRODUCT_NAME = "$(TARGET_NAME)";
				TEST_HOST = "$(BUILT_PRODUCTS_DIR)/Mclass.app/Mclass";
			};
			name = Release;
		};
		D9E897E11B1F88E100F421E2 /* Debug */ = {
			isa = XCBuildConfiguration;
			buildSettings = {
				ASSETCATALOG_COMPILER_APPICON_NAME = "AppIcon-2";
				CODE_SIGN_IDENTITY = "-";
				COMBINE_HIDPI_IMAGES = YES;
				DEBUG_INFORMATION_FORMAT = dwarf;
				GCC_PREPROCESSOR_DEFINITIONS = (
					"DEBUG=1",
					"$(inherited)",
				);
				INFOPLIST_FILE = "$(SRCROOT)/peertalk/Peertalk Example/Peertalk Example-Info.plist";
				LD_RUNPATH_SEARCH_PATHS = "$(inherited) @executable_path/../Frameworks";
				MACOSX_DEPLOYMENT_TARGET = 10.10;
				PRODUCT_NAME = "$(TARGET_NAME)";
				SDKROOT = macosx;
			};
			name = Debug;
		};
		D9E897E21B1F88E100F421E2 /* Release */ = {
			isa = XCBuildConfiguration;
			buildSettings = {
				ASSETCATALOG_COMPILER_APPICON_NAME = "AppIcon-2";
				CODE_SIGN_IDENTITY = "-";
				COMBINE_HIDPI_IMAGES = YES;
				INFOPLIST_FILE = "$(SRCROOT)/peertalk/Peertalk Example/Peertalk Example-Info.plist";
				LD_RUNPATH_SEARCH_PATHS = "$(inherited) @executable_path/../Frameworks";
				MACOSX_DEPLOYMENT_TARGET = 10.10;
				PRODUCT_NAME = "$(TARGET_NAME)";
				SDKROOT = macosx;
			};
			name = Release;
		};
/* End XCBuildConfiguration section */

/* Begin XCConfigurationList section */
		D9E618671B0F8914007AFECB /* Build configuration list for PBXProject "Mclass" */ = {
			isa = XCConfigurationList;
			buildConfigurations = (
				D9E618891B0F8914007AFECB /* Debug */,
				D9E6188A1B0F8914007AFECB /* Release */,
			);
			defaultConfigurationIsVisible = 0;
			defaultConfigurationName = Release;
		};
		D9E6188B1B0F8914007AFECB /* Build configuration list for PBXNativeTarget "Mclass" */ = {
			isa = XCConfigurationList;
			buildConfigurations = (
				D9E6188C1B0F8914007AFECB /* Debug */,
				D9E6188D1B0F8914007AFECB /* Release */,
			);
			defaultConfigurationIsVisible = 0;
			defaultConfigurationName = Release;
		};
		D9E6188E1B0F8914007AFECB /* Build configuration list for PBXNativeTarget "MclassTests" */ = {
			isa = XCConfigurationList;
			buildConfigurations = (
				D9E6188F1B0F8914007AFECB /* Debug */,
				D9E618901B0F8914007AFECB /* Release */,
			);
			defaultConfigurationIsVisible = 0;
			defaultConfigurationName = Release;
		};
		D9E897E01B1F88E100F421E2 /* Build configuration list for PBXNativeTarget "PeertalkExample" */ = {
			isa = XCConfigurationList;
			buildConfigurations = (
				D9E897E11B1F88E100F421E2 /* Debug */,
				D9E897E21B1F88E100F421E2 /* Release */,
			);
			defaultConfigurationIsVisible = 0;
			defaultConfigurationName = Release;
		};
/* End XCConfigurationList section */
	};
	rootObject = D9E618641B0F8914007AFECB /* Project object */;
}
